// !$*UTF8*$!
{
	archiveVersion = 1;
	classes = {
	};
	objectVersion = 56;
	objects = {

/* Begin PBXBuildFile section */
		50B18C5337BB2377B1B39F67 /* Pods_IosToolsTests.framework in Frameworks */ = {isa = PBXBuildFile; fileRef = 80882A2CB338B08FF44072D0 /* Pods_IosToolsTests.framework */; };
		6EDFBEB75633B524D9912422 /* Pods_IosTools.framework in Frameworks */ = {isa = PBXBuildFile; fileRef = C34B851D09B7A429CE49D913 /* Pods_IosTools.framework */; };
		B71DC6D82C7C12B6007CD50C /* AppDelegate.m in Sources */ = {isa = PBXBuildFile; fileRef = B71DC6D72C7C12B6007CD50C /* AppDelegate.m */; };
		B71DC6DE2C7C12B6007CD50C /* ViewController.m in Sources */ = {isa = PBXBuildFile; fileRef = B71DC6DD2C7C12B6007CD50C /* ViewController.m */; };
		B71DC6E12C7C12B6007CD50C /* Base in Resources */ = {isa = PBXBuildFile; fileRef = B71DC6E02C7C12B6007CD50C /* Base */; };
		B71DC6E32C7C12B9007CD50C /* Assets.xcassets in Resources */ = {isa = PBXBuildFile; fileRef = B71DC6E22C7C12B9007CD50C /* Assets.xcassets */; };
		B71DC6E62C7C12B9007CD50C /* Base in Resources */ = {isa = PBXBuildFile; fileRef = B71DC6E52C7C12B9007CD50C /* Base */; };
		B71DC6E92C7C12B9007CD50C /* main.m in Sources */ = {isa = PBXBuildFile; fileRef = B71DC6E82C7C12B9007CD50C /* main.m */; };
		B71DC6F32C7C12BA007CD50C /* IosToolsTests.m in Sources */ = {isa = PBXBuildFile; fileRef = B71DC6F22C7C12BA007CD50C /* IosToolsTests.m */; };
		B71DC6FD2C7C12BA007CD50C /* IosToolsUITests.m in Sources */ = {isa = PBXBuildFile; fileRef = B71DC6FC2C7C12BA007CD50C /* IosToolsUITests.m */; };
		B71DC6FF2C7C12BA007CD50C /* IosToolsUITestsLaunchTests.m in Sources */ = {isa = PBXBuildFile; fileRef = B71DC6FE2C7C12BA007CD50C /* IosToolsUITestsLaunchTests.m */; };
		B77AB9302C81B655003CD359 /* LanguageCell.m in Sources */ = {isa = PBXBuildFile; fileRef = B77AB92E2C81B655003CD359 /* LanguageCell.m */; };
		B77AB9312C81B655003CD359 /* LanguageCell.xib in Resources */ = {isa = PBXBuildFile; fileRef = B77AB92F2C81B655003CD359 /* LanguageCell.xib */; };
		B7B1D34D2C7C140500D029E2 /* LaunchViewController.m in Sources */ = {isa = PBXBuildFile; fileRef = B7B1D34C2C7C140500D029E2 /* LaunchViewController.m */; };
		B7B1D3512C7C535800D029E2 /* Localizable.strings in Resources */ = {isa = PBXBuildFile; fileRef = B7B1D34F2C7C535800D029E2 /* Localizable.strings */; };
		B7B1D3542C7C55AA00D029E2 /* Utils.m in Sources */ = {isa = PBXBuildFile; fileRef = B7B1D3532C7C55AA00D029E2 /* Utils.m */; };
		B7B1D3582C7C75C700D029E2 /* SlidingView.m in Sources */ = {isa = PBXBuildFile; fileRef = B7B1D3572C7C75C700D029E2 /* SlidingView.m */; };
		B7B1D35C2C7C78C900D029E2 /* NotTouchView.m in Sources */ = {isa = PBXBuildFile; fileRef = B7B1D35B2C7C78C900D029E2 /* NotTouchView.m */; };
		B7B1D3602C7C7C4600D029E2 /* UIColor+Extension.m in Sources */ = {isa = PBXBuildFile; fileRef = B7B1D35F2C7C7C4600D029E2 /* UIColor+Extension.m */; };
		B7B1D3642C7C81D800D029E2 /* CustomView.m in Sources */ = {isa = PBXBuildFile; fileRef = B7B1D3632C7C81D800D029E2 /* CustomView.m */; };
		B7B1D3672C7C853500D029E2 /* GuideViewController.m in Sources */ = {isa = PBXBuildFile; fileRef = B7B1D3662C7C853500D029E2 /* GuideViewController.m */; };
		B7B1D36E2C7C867200D029E2 /* BaseViewController.m in Sources */ = {isa = PBXBuildFile; fileRef = B7B1D36B2C7C867200D029E2 /* BaseViewController.m */; };
		B7B1D3712C7C886000D029E2 /* UINavigationController+PopGestureRecognizer.m in Sources */ = {isa = PBXBuildFile; fileRef = B7B1D3702C7C886000D029E2 /* UINavigationController+PopGestureRecognizer.m */; };
		B7B1D3742C7C890500D029E2 /* UINavigationController+Extension.m in Sources */ = {isa = PBXBuildFile; fileRef = B7B1D3732C7C890500D029E2 /* UINavigationController+Extension.m */; };
		B7B1D3772C7C8BD400D029E2 /* UIImage+ImageEffects.m in Sources */ = {isa = PBXBuildFile; fileRef = B7B1D3762C7C8BD400D029E2 /* UIImage+ImageEffects.m */; };
		B7B1D37B2C7C8D1700D029E2 /* NSString+Common.m in Sources */ = {isa = PBXBuildFile; fileRef = B7B1D37A2C7C8D1700D029E2 /* NSString+Common.m */; };
		B7B1D37E2C7C8E8D00D029E2 /* UIView+Common.m in Sources */ = {isa = PBXBuildFile; fileRef = B7B1D37D2C7C8E8D00D029E2 /* UIView+Common.m */; };
		B7B1D3812C7C8F7100D029E2 /* UIBarButtonItem+Extension.m in Sources */ = {isa = PBXBuildFile; fileRef = B7B1D3802C7C8F7100D029E2 /* UIBarButtonItem+Extension.m */; };
		B7B1D3842C7C8FBF00D029E2 /* UIViewController+Extension.m in Sources */ = {isa = PBXBuildFile; fileRef = B7B1D3832C7C8FBF00D029E2 /* UIViewController+Extension.m */; };
		B7B1D3872C7CB9C700D029E2 /* GuideBottomView.m in Sources */ = {isa = PBXBuildFile; fileRef = B7B1D3862C7CB9C700D029E2 /* GuideBottomView.m */; };
		B7B1D38A2C7CBB1A00D029E2 /* NSString+MD5.m in Sources */ = {isa = PBXBuildFile; fileRef = B7B1D3892C7CBB1A00D029E2 /* NSString+MD5.m */; };
		B7B1D38D2C7D604900D029E2 /* LanguageController.m in Sources */ = {isa = PBXBuildFile; fileRef = B7B1D38C2C7D604900D029E2 /* LanguageController.m */; };
		B7B1D3922C7D6AB100D029E2 /* LanguageController.xib in Resources */ = {isa = PBXBuildFile; fileRef = B7B1D3912C7D6AB100D029E2 /* LanguageController.xib */; };
		F6F0484FE47E81C48D0DC7AC /* Pods_IosTools_IosToolsUITests.framework in Frameworks */ = {isa = PBXBuildFile; fileRef = E07BDE95842A4AACC54D0A91 /* Pods_IosTools_IosToolsUITests.framework */; };
/* End PBXBuildFile section */

/* Begin PBXContainerItemProxy section */
		B71DC6EF2C7C12BA007CD50C /* PBXContainerItemProxy */ = {
			isa = PBXContainerItemProxy;
			containerPortal = B71DC6CB2C7C12B6007CD50C /* Project object */;
			proxyType = 1;
			remoteGlobalIDString = B71DC6D22C7C12B6007CD50C;
			remoteInfo = IosTools;
		};
		B71DC6F92C7C12BA007CD50C /* PBXContainerItemProxy */ = {
			isa = PBXContainerItemProxy;
			containerPortal = B71DC6CB2C7C12B6007CD50C /* Project object */;
			proxyType = 1;
			remoteGlobalIDString = B71DC6D22C7C12B6007CD50C;
			remoteInfo = IosTools;
		};
/* End PBXContainerItemProxy section */

/* Begin PBXFileReference section */
		3624F904B08F6A98E583CAA8 /* Pods-IosToolsTests.release.xcconfig */ = {isa = PBXFileReference; includeInIndex = 1; lastKnownFileType = text.xcconfig; name = "Pods-IosToolsTests.release.xcconfig"; path = "Target Support Files/Pods-IosToolsTests/Pods-IosToolsTests.release.xcconfig"; sourceTree = "<group>"; };
		377CB76559BCF020F1E0C5C7 /* Pods-IosTools.debug.xcconfig */ = {isa = PBXFileReference; includeInIndex = 1; lastKnownFileType = text.xcconfig; name = "Pods-IosTools.debug.xcconfig"; path = "Target Support Files/Pods-IosTools/Pods-IosTools.debug.xcconfig"; sourceTree = "<group>"; };
		3D795820051F2DC3D103B349 /* Pods-IosTools.release.xcconfig */ = {isa = PBXFileReference; includeInIndex = 1; lastKnownFileType = text.xcconfig; name = "Pods-IosTools.release.xcconfig"; path = "Target Support Files/Pods-IosTools/Pods-IosTools.release.xcconfig"; sourceTree = "<group>"; };
		50865B21A733EA91855CCBC3 /* Pods-IosToolsTests.debug.xcconfig */ = {isa = PBXFileReference; includeInIndex = 1; lastKnownFileType = text.xcconfig; name = "Pods-IosToolsTests.debug.xcconfig"; path = "Target Support Files/Pods-IosToolsTests/Pods-IosToolsTests.debug.xcconfig"; sourceTree = "<group>"; };
		6F91BC30BC0306B8BB781304 /* Pods-IosTools-IosToolsUITests.release.xcconfig */ = {isa = PBXFileReference; includeInIndex = 1; lastKnownFileType = text.xcconfig; name = "Pods-IosTools-IosToolsUITests.release.xcconfig"; path = "Target Support Files/Pods-IosTools-IosToolsUITests/Pods-IosTools-IosToolsUITests.release.xcconfig"; sourceTree = "<group>"; };
		7AFECA6D875428E9799B61A8 /* Pods-IosTools-IosToolsUITests.debug.xcconfig */ = {isa = PBXFileReference; includeInIndex = 1; lastKnownFileType = text.xcconfig; name = "Pods-IosTools-IosToolsUITests.debug.xcconfig"; path = "Target Support Files/Pods-IosTools-IosToolsUITests/Pods-IosTools-IosToolsUITests.debug.xcconfig"; sourceTree = "<group>"; };
		80882A2CB338B08FF44072D0 /* Pods_IosToolsTests.framework */ = {isa = PBXFileReference; explicitFileType = wrapper.framework; includeInIndex = 0; path = Pods_IosToolsTests.framework; sourceTree = BUILT_PRODUCTS_DIR; };
		B71DC6D32C7C12B6007CD50C /* IosTools.app */ = {isa = PBXFileReference; explicitFileType = wrapper.application; includeInIndex = 0; path = IosTools.app; sourceTree = BUILT_PRODUCTS_DIR; };
		B71DC6D62C7C12B6007CD50C /* AppDelegate.h */ = {isa = PBXFileReference; lastKnownFileType = sourcecode.c.h; path = AppDelegate.h; sourceTree = "<group>"; };
		B71DC6D72C7C12B6007CD50C /* AppDelegate.m */ = {isa = PBXFileReference; lastKnownFileType = sourcecode.c.objc; path = AppDelegate.m; sourceTree = "<group>"; };
		B71DC6DC2C7C12B6007CD50C /* ViewController.h */ = {isa = PBXFileReference; lastKnownFileType = sourcecode.c.h; path = ViewController.h; sourceTree = "<group>"; };
		B71DC6DD2C7C12B6007CD50C /* ViewController.m */ = {isa = PBXFileReference; lastKnownFileType = sourcecode.c.objc; path = ViewController.m; sourceTree = "<group>"; };
		B71DC6E02C7C12B6007CD50C /* Base */ = {isa = PBXFileReference; lastKnownFileType = file.storyboard; name = Base; path = Base.lproj/Main.storyboard; sourceTree = "<group>"; };
		B71DC6E22C7C12B9007CD50C /* Assets.xcassets */ = {isa = PBXFileReference; lastKnownFileType = folder.assetcatalog; path = Assets.xcassets; sourceTree = "<group>"; };
		B71DC6E52C7C12B9007CD50C /* Base */ = {isa = PBXFileReference; lastKnownFileType = file.storyboard; name = Base; path = Base.lproj/LaunchScreen.storyboard; sourceTree = "<group>"; };
		B71DC6E72C7C12B9007CD50C /* Info.plist */ = {isa = PBXFileReference; lastKnownFileType = text.plist.xml; path = Info.plist; sourceTree = "<group>"; };
		B71DC6E82C7C12B9007CD50C /* main.m */ = {isa = PBXFileReference; lastKnownFileType = sourcecode.c.objc; path = main.m; sourceTree = "<group>"; };
		B71DC6EE2C7C12BA007CD50C /* IosToolsTests.xctest */ = {isa = PBXFileReference; explicitFileType = wrapper.cfbundle; includeInIndex = 0; path = IosToolsTests.xctest; sourceTree = BUILT_PRODUCTS_DIR; };
		B71DC6F22C7C12BA007CD50C /* IosToolsTests.m */ = {isa = PBXFileReference; lastKnownFileType = sourcecode.c.objc; path = IosToolsTests.m; sourceTree = "<group>"; };
		B71DC6F82C7C12BA007CD50C /* IosToolsUITests.xctest */ = {isa = PBXFileReference; explicitFileType = wrapper.cfbundle; includeInIndex = 0; path = IosToolsUITests.xctest; sourceTree = BUILT_PRODUCTS_DIR; };
		B71DC6FC2C7C12BA007CD50C /* IosToolsUITests.m */ = {isa = PBXFileReference; lastKnownFileType = sourcecode.c.objc; path = IosToolsUITests.m; sourceTree = "<group>"; };
		B71DC6FE2C7C12BA007CD50C /* IosToolsUITestsLaunchTests.m */ = {isa = PBXFileReference; lastKnownFileType = sourcecode.c.objc; path = IosToolsUITestsLaunchTests.m; sourceTree = "<group>"; };
		B77AB92D2C81B655003CD359 /* LanguageCell.h */ = {isa = PBXFileReference; lastKnownFileType = sourcecode.c.h; path = LanguageCell.h; sourceTree = "<group>"; };
		B77AB92E2C81B655003CD359 /* LanguageCell.m */ = {isa = PBXFileReference; lastKnownFileType = sourcecode.c.objc; path = LanguageCell.m; sourceTree = "<group>"; };
		B77AB92F2C81B655003CD359 /* LanguageCell.xib */ = {isa = PBXFileReference; lastKnownFileType = file.xib; path = LanguageCell.xib; sourceTree = "<group>"; };
		B7B1D34C2C7C140500D029E2 /* LaunchViewController.m */ = {isa = PBXFileReference; lastKnownFileType = sourcecode.c.objc; path = LaunchViewController.m; sourceTree = "<group>"; };
		B7B1D34E2C7C141800D029E2 /* LaunchViewController.h */ = {isa = PBXFileReference; lastKnownFileType = sourcecode.c.h; path = LaunchViewController.h; sourceTree = "<group>"; };
		B7B1D3502C7C535800D029E2 /* en */ = {isa = PBXFileReference; lastKnownFileType = text.plist.strings; name = en; path = en.lproj/Localizable.strings; sourceTree = "<group>"; };
		B7B1D3522C7C541F00D029E2 /* zh-Hans */ = {isa = PBXFileReference; lastKnownFileType = text.plist.strings; name = "zh-Hans"; path = "zh-Hans.lproj/Localizable.strings"; sourceTree = "<group>"; };
		B7B1D3532C7C55AA00D029E2 /* Utils.m */ = {isa = PBXFileReference; lastKnownFileType = sourcecode.c.objc; path = Utils.m; sourceTree = "<group>"; };
		B7B1D3552C7C55E000D029E2 /* Utils.h */ = {isa = PBXFileReference; lastKnownFileType = sourcecode.c.h; path = Utils.h; sourceTree = "<group>"; };
		B7B1D3572C7C75C700D029E2 /* SlidingView.m */ = {isa = PBXFileReference; lastKnownFileType = sourcecode.c.objc; path = SlidingView.m; sourceTree = "<group>"; };
		B7B1D3592C7C762100D029E2 /* SlidingView.h */ = {isa = PBXFileReference; lastKnownFileType = sourcecode.c.h; path = SlidingView.h; sourceTree = "<group>"; };
		B7B1D35A2C7C78C900D029E2 /* NotTouchView.h */ = {isa = PBXFileReference; lastKnownFileType = sourcecode.c.h; path = NotTouchView.h; sourceTree = "<group>"; };
		B7B1D35B2C7C78C900D029E2 /* NotTouchView.m */ = {isa = PBXFileReference; lastKnownFileType = sourcecode.c.objc; path = NotTouchView.m; sourceTree = "<group>"; };
		B7B1D35E2C7C7C4600D029E2 /* UIColor+Extension.h */ = {isa = PBXFileReference; lastKnownFileType = sourcecode.c.h; path = "UIColor+Extension.h"; sourceTree = "<group>"; };
		B7B1D35F2C7C7C4600D029E2 /* UIColor+Extension.m */ = {isa = PBXFileReference; lastKnownFileType = sourcecode.c.objc; path = "UIColor+Extension.m"; sourceTree = "<group>"; };
		B7B1D3612C7C804F00D029E2 /* PrefixHeader.pch */ = {isa = PBXFileReference; lastKnownFileType = sourcecode.c.h; path = PrefixHeader.pch; sourceTree = "<group>"; };
		B7B1D3622C7C81D800D029E2 /* CustomView.h */ = {isa = PBXFileReference; lastKnownFileType = sourcecode.c.h; path = CustomView.h; sourceTree = "<group>"; };
		B7B1D3632C7C81D800D029E2 /* CustomView.m */ = {isa = PBXFileReference; lastKnownFileType = sourcecode.c.objc; path = CustomView.m; sourceTree = "<group>"; };
		B7B1D3652C7C853500D029E2 /* GuideViewController.h */ = {isa = PBXFileReference; lastKnownFileType = sourcecode.c.h; path = GuideViewController.h; sourceTree = "<group>"; };
		B7B1D3662C7C853500D029E2 /* GuideViewController.m */ = {isa = PBXFileReference; lastKnownFileType = sourcecode.c.objc; path = GuideViewController.m; sourceTree = "<group>"; };
		B7B1D36B2C7C867200D029E2 /* BaseViewController.m */ = {isa = PBXFileReference; fileEncoding = 4; lastKnownFileType = sourcecode.c.objc; path = BaseViewController.m; sourceTree = "<group>"; };
		B7B1D36C2C7C867200D029E2 /* BaseViewController.h */ = {isa = PBXFileReference; fileEncoding = 4; lastKnownFileType = sourcecode.c.h; path = BaseViewController.h; sourceTree = "<group>"; };
		B7B1D36F2C7C886000D029E2 /* UINavigationController+PopGestureRecognizer.h */ = {isa = PBXFileReference; lastKnownFileType = sourcecode.c.h; path = "UINavigationController+PopGestureRecognizer.h"; sourceTree = "<group>"; };
		B7B1D3702C7C886000D029E2 /* UINavigationController+PopGestureRecognizer.m */ = {isa = PBXFileReference; lastKnownFileType = sourcecode.c.objc; path = "UINavigationController+PopGestureRecognizer.m"; sourceTree = "<group>"; };
		B7B1D3722C7C890500D029E2 /* UINavigationController+Extension.h */ = {isa = PBXFileReference; lastKnownFileType = sourcecode.c.h; path = "UINavigationController+Extension.h"; sourceTree = "<group>"; };
		B7B1D3732C7C890500D029E2 /* UINavigationController+Extension.m */ = {isa = PBXFileReference; lastKnownFileType = sourcecode.c.objc; path = "UINavigationController+Extension.m"; sourceTree = "<group>"; };
		B7B1D3752C7C8BD400D029E2 /* UIImage+ImageEffects.h */ = {isa = PBXFileReference; lastKnownFileType = sourcecode.c.h; path = "UIImage+ImageEffects.h"; sourceTree = "<group>"; };
		B7B1D3762C7C8BD400D029E2 /* UIImage+ImageEffects.m */ = {isa = PBXFileReference; lastKnownFileType = sourcecode.c.objc; path = "UIImage+ImageEffects.m"; sourceTree = "<group>"; };
		B7B1D3782C7C8C6C00D029E2 /* SCLMacros.h */ = {isa = PBXFileReference; lastKnownFileType = sourcecode.c.h; path = SCLMacros.h; sourceTree = "<group>"; };
		B7B1D3792C7C8D1700D029E2 /* NSString+Common.h */ = {isa = PBXFileReference; lastKnownFileType = sourcecode.c.h; path = "NSString+Common.h"; sourceTree = "<group>"; };
		B7B1D37A2C7C8D1700D029E2 /* NSString+Common.m */ = {isa = PBXFileReference; lastKnownFileType = sourcecode.c.objc; path = "NSString+Common.m"; sourceTree = "<group>"; };
		B7B1D37C2C7C8E8D00D029E2 /* UIView+Common.h */ = {isa = PBXFileReference; lastKnownFileType = sourcecode.c.h; path = "UIView+Common.h"; sourceTree = "<group>"; };
		B7B1D37D2C7C8E8D00D029E2 /* UIView+Common.m */ = {isa = PBXFileReference; lastKnownFileType = sourcecode.c.objc; path = "UIView+Common.m"; sourceTree = "<group>"; };
		B7B1D37F2C7C8F7100D029E2 /* UIBarButtonItem+Extension.h */ = {isa = PBXFileReference; lastKnownFileType = sourcecode.c.h; path = "UIBarButtonItem+Extension.h"; sourceTree = "<group>"; };
		B7B1D3802C7C8F7100D029E2 /* UIBarButtonItem+Extension.m */ = {isa = PBXFileReference; lastKnownFileType = sourcecode.c.objc; path = "UIBarButtonItem+Extension.m"; sourceTree = "<group>"; };
		B7B1D3822C7C8FBF00D029E2 /* UIViewController+Extension.h */ = {isa = PBXFileReference; lastKnownFileType = sourcecode.c.h; path = "UIViewController+Extension.h"; sourceTree = "<group>"; };
		B7B1D3832C7C8FBF00D029E2 /* UIViewController+Extension.m */ = {isa = PBXFileReference; lastKnownFileType = sourcecode.c.objc; path = "UIViewController+Extension.m"; sourceTree = "<group>"; };
		B7B1D3852C7CB9C700D029E2 /* GuideBottomView.h */ = {isa = PBXFileReference; lastKnownFileType = sourcecode.c.h; path = GuideBottomView.h; sourceTree = "<group>"; };
		B7B1D3862C7CB9C700D029E2 /* GuideBottomView.m */ = {isa = PBXFileReference; lastKnownFileType = sourcecode.c.objc; path = GuideBottomView.m; sourceTree = "<group>"; };
		B7B1D3882C7CBB1A00D029E2 /* NSString+MD5.h */ = {isa = PBXFileReference; lastKnownFileType = sourcecode.c.h; path = "NSString+MD5.h"; sourceTree = "<group>"; };
		B7B1D3892C7CBB1A00D029E2 /* NSString+MD5.m */ = {isa = PBXFileReference; lastKnownFileType = sourcecode.c.objc; path = "NSString+MD5.m"; sourceTree = "<group>"; };
		B7B1D38B2C7D604900D029E2 /* LanguageController.h */ = {isa = PBXFileReference; lastKnownFileType = sourcecode.c.h; path = LanguageController.h; sourceTree = "<group>"; };
		B7B1D38C2C7D604900D029E2 /* LanguageController.m */ = {isa = PBXFileReference; lastKnownFileType = sourcecode.c.objc; path = LanguageController.m; sourceTree = "<group>"; };
		B7B1D3912C7D6AB100D029E2 /* LanguageController.xib */ = {isa = PBXFileReference; lastKnownFileType = file.xib; path = LanguageController.xib; sourceTree = "<group>"; };
		C34B851D09B7A429CE49D913 /* Pods_IosTools.framework */ = {isa = PBXFileReference; explicitFileType = wrapper.framework; includeInIndex = 0; path = Pods_IosTools.framework; sourceTree = BUILT_PRODUCTS_DIR; };
		E07BDE95842A4AACC54D0A91 /* Pods_IosTools_IosToolsUITests.framework */ = {isa = PBXFileReference; explicitFileType = wrapper.framework; includeInIndex = 0; path = Pods_IosTools_IosToolsUITests.framework; sourceTree = BUILT_PRODUCTS_DIR; };
/* End PBXFileReference section */

/* Begin PBXFrameworksBuildPhase section */
		B71DC6D02C7C12B6007CD50C /* Frameworks */ = {
			isa = PBXFrameworksBuildPhase;
			buildActionMask = 2147483647;
			files = (
				6EDFBEB75633B524D9912422 /* Pods_IosTools.framework in Frameworks */,
			);
			runOnlyForDeploymentPostprocessing = 0;
		};
		B71DC6EB2C7C12BA007CD50C /* Frameworks */ = {
			isa = PBXFrameworksBuildPhase;
			buildActionMask = 2147483647;
			files = (
				50B18C5337BB2377B1B39F67 /* Pods_IosToolsTests.framework in Frameworks */,
			);
			runOnlyForDeploymentPostprocessing = 0;
		};
		B71DC6F52C7C12BA007CD50C /* Frameworks */ = {
			isa = PBXFrameworksBuildPhase;
			buildActionMask = 2147483647;
			files = (
				F6F0484FE47E81C48D0DC7AC /* Pods_IosTools_IosToolsUITests.framework in Frameworks */,
			);
			runOnlyForDeploymentPostprocessing = 0;
		};
/* End PBXFrameworksBuildPhase section */

/* Begin PBXGroup section */
		532DE5A5ADF9269A304931AF /* Frameworks */ = {
			isa = PBXGroup;
			children = (
				C34B851D09B7A429CE49D913 /* Pods_IosTools.framework */,
				E07BDE95842A4AACC54D0A91 /* Pods_IosTools_IosToolsUITests.framework */,
				80882A2CB338B08FF44072D0 /* Pods_IosToolsTests.framework */,
			);
			name = Frameworks;
			sourceTree = "<group>";
		};
		B3C13A618EAFF97BE11A0A98 /* Pods */ = {
			isa = PBXGroup;
			children = (
				377CB76559BCF020F1E0C5C7 /* Pods-IosTools.debug.xcconfig */,
				3D795820051F2DC3D103B349 /* Pods-IosTools.release.xcconfig */,
				7AFECA6D875428E9799B61A8 /* Pods-IosTools-IosToolsUITests.debug.xcconfig */,
				6F91BC30BC0306B8BB781304 /* Pods-IosTools-IosToolsUITests.release.xcconfig */,
				50865B21A733EA91855CCBC3 /* Pods-IosToolsTests.debug.xcconfig */,
				3624F904B08F6A98E583CAA8 /* Pods-IosToolsTests.release.xcconfig */,
			);
			path = Pods;
			sourceTree = "<group>";
		};
		B71DC6CA2C7C12B6007CD50C = {
			isa = PBXGroup;
			children = (
				B71DC6D52C7C12B6007CD50C /* IosTools */,
				B71DC6F12C7C12BA007CD50C /* IosToolsTests */,
				B71DC6FB2C7C12BA007CD50C /* IosToolsUITests */,
				B71DC6D42C7C12B6007CD50C /* Products */,
				B3C13A618EAFF97BE11A0A98 /* Pods */,
				532DE5A5ADF9269A304931AF /* Frameworks */,
			);
			sourceTree = "<group>";
		};
		B71DC6D42C7C12B6007CD50C /* Products */ = {
			isa = PBXGroup;
			children = (
				B71DC6D32C7C12B6007CD50C /* IosTools.app */,
				B71DC6EE2C7C12BA007CD50C /* IosToolsTests.xctest */,
				B71DC6F82C7C12BA007CD50C /* IosToolsUITests.xctest */,
			);
			name = Products;
			sourceTree = "<group>";
		};
		B71DC6D52C7C12B6007CD50C /* IosTools */ = {
			isa = PBXGroup;
			children = (
				B7B1D38E2C7D697200D029E2 /* Language */,
				B7B1D3682C7C861F00D029E2 /* Base */,
				B7B1D35D2C7C7BE600D029E2 /* Extension */,
				B7B1D3562C7C75A800D029E2 /* Guide */,
				B71DC6D62C7C12B6007CD50C /* AppDelegate.h */,
				B71DC6D72C7C12B6007CD50C /* AppDelegate.m */,
				B7B1D34C2C7C140500D029E2 /* LaunchViewController.m */,
				B7B1D34E2C7C141800D029E2 /* LaunchViewController.h */,
				B71DC6DC2C7C12B6007CD50C /* ViewController.h */,
				B71DC6DD2C7C12B6007CD50C /* ViewController.m */,
				B71DC6DF2C7C12B6007CD50C /* Main.storyboard */,
				B71DC6E22C7C12B9007CD50C /* Assets.xcassets */,
				B71DC6E42C7C12B9007CD50C /* LaunchScreen.storyboard */,
				B71DC6E72C7C12B9007CD50C /* Info.plist */,
				B71DC6E82C7C12B9007CD50C /* main.m */,
				B7B1D34F2C7C535800D029E2 /* Localizable.strings */,
				B7B1D3532C7C55AA00D029E2 /* Utils.m */,
				B7B1D3552C7C55E000D029E2 /* Utils.h */,
				B7B1D3612C7C804F00D029E2 /* PrefixHeader.pch */,
			);
			path = IosTools;
			sourceTree = "<group>";
		};
		B71DC6F12C7C12BA007CD50C /* IosToolsTests */ = {
			isa = PBXGroup;
			children = (
				B71DC6F22C7C12BA007CD50C /* IosToolsTests.m */,
			);
			path = IosToolsTests;
			sourceTree = "<group>";
		};
		B71DC6FB2C7C12BA007CD50C /* IosToolsUITests */ = {
			isa = PBXGroup;
			children = (
				B71DC6FC2C7C12BA007CD50C /* IosToolsUITests.m */,
				B71DC6FE2C7C12BA007CD50C /* IosToolsUITestsLaunchTests.m */,
			);
			path = IosToolsUITests;
			sourceTree = "<group>";
		};
		B7B1D3562C7C75A800D029E2 /* Guide */ = {
			isa = PBXGroup;
			children = (
				B7B1D3572C7C75C700D029E2 /* SlidingView.m */,
				B7B1D3592C7C762100D029E2 /* SlidingView.h */,
				B7B1D35A2C7C78C900D029E2 /* NotTouchView.h */,
				B7B1D35B2C7C78C900D029E2 /* NotTouchView.m */,
				B7B1D3622C7C81D800D029E2 /* CustomView.h */,
				B7B1D3632C7C81D800D029E2 /* CustomView.m */,
				B7B1D3652C7C853500D029E2 /* GuideViewController.h */,
				B7B1D3662C7C853500D029E2 /* GuideViewController.m */,
				B7B1D3852C7CB9C700D029E2 /* GuideBottomView.h */,
				B7B1D3862C7CB9C700D029E2 /* GuideBottomView.m */,
			);
			path = Guide;
			sourceTree = "<group>";
		};
		B7B1D35D2C7C7BE600D029E2 /* Extension */ = {
			isa = PBXGroup;
			children = (
				B7B1D35E2C7C7C4600D029E2 /* UIColor+Extension.h */,
				B7B1D35F2C7C7C4600D029E2 /* UIColor+Extension.m */,
				B7B1D36F2C7C886000D029E2 /* UINavigationController+PopGestureRecognizer.h */,
				B7B1D3702C7C886000D029E2 /* UINavigationController+PopGestureRecognizer.m */,
				B7B1D3722C7C890500D029E2 /* UINavigationController+Extension.h */,
				B7B1D3732C7C890500D029E2 /* UINavigationController+Extension.m */,
				B7B1D3752C7C8BD400D029E2 /* UIImage+ImageEffects.h */,
				B7B1D3762C7C8BD400D029E2 /* UIImage+ImageEffects.m */,
				B7B1D3782C7C8C6C00D029E2 /* SCLMacros.h */,
				B7B1D3792C7C8D1700D029E2 /* NSString+Common.h */,
				B7B1D37A2C7C8D1700D029E2 /* NSString+Common.m */,
				B7B1D37C2C7C8E8D00D029E2 /* UIView+Common.h */,
				B7B1D37D2C7C8E8D00D029E2 /* UIView+Common.m */,
				B7B1D37F2C7C8F7100D029E2 /* UIBarButtonItem+Extension.h */,
				B7B1D3802C7C8F7100D029E2 /* UIBarButtonItem+Extension.m */,
				B7B1D3822C7C8FBF00D029E2 /* UIViewController+Extension.h */,
				B7B1D3832C7C8FBF00D029E2 /* UIViewController+Extension.m */,
				B7B1D3882C7CBB1A00D029E2 /* NSString+MD5.h */,
				B7B1D3892C7CBB1A00D029E2 /* NSString+MD5.m */,
			);
			path = Extension;
			sourceTree = "<group>";
		};
		B7B1D3682C7C861F00D029E2 /* Base */ = {
			isa = PBXGroup;
			children = (
				B7B1D36C2C7C867200D029E2 /* BaseViewController.h */,
				B7B1D36B2C7C867200D029E2 /* BaseViewController.m */,
			);
			path = Base;
			sourceTree = "<group>";
		};
		B7B1D38E2C7D697200D029E2 /* Language */ = {
			isa = PBXGroup;
			children = (
				B7B1D38B2C7D604900D029E2 /* LanguageController.h */,
				B7B1D38C2C7D604900D029E2 /* LanguageController.m */,
				B7B1D3912C7D6AB100D029E2 /* LanguageController.xib */,
				B77AB92D2C81B655003CD359 /* LanguageCell.h */,
				B77AB92E2C81B655003CD359 /* LanguageCell.m */,
				B77AB92F2C81B655003CD359 /* LanguageCell.xib */,
			);
			path = Language;
			sourceTree = "<group>";
		};
/* End PBXGroup section */

/* Begin PBXNativeTarget section */
		B71DC6D22C7C12B6007CD50C /* IosTools */ = {
			isa = PBXNativeTarget;
			buildConfigurationList = B71DC7022C7C12BA007CD50C /* Build configuration list for PBXNativeTarget "IosTools" */;
			buildPhases = (
				7564A66896D62B663CCD8100 /* [CP] Check Pods Manifest.lock */,
				B71DC6CF2C7C12B6007CD50C /* Sources */,
				B71DC6D02C7C12B6007CD50C /* Frameworks */,
				B71DC6D12C7C12B6007CD50C /* Resources */,
				D7B04735314EAFAF5FFCCD26 /* [CP] Embed Pods Frameworks */,
			);
			buildRules = (
			);
			dependencies = (
			);
			name = IosTools;
			productName = IosTools;
			productReference = B71DC6D32C7C12B6007CD50C /* IosTools.app */;
			productType = "com.apple.product-type.application";
		};
		B71DC6ED2C7C12BA007CD50C /* IosToolsTests */ = {
			isa = PBXNativeTarget;
			buildConfigurationList = B71DC7052C7C12BA007CD50C /* Build configuration list for PBXNativeTarget "IosToolsTests" */;
			buildPhases = (
				9E1DDEE635C311B60ACF8C65 /* [CP] Check Pods Manifest.lock */,
				B71DC6EA2C7C12BA007CD50C /* Sources */,
				B71DC6EB2C7C12BA007CD50C /* Frameworks */,
				B71DC6EC2C7C12BA007CD50C /* Resources */,
			);
			buildRules = (
			);
			dependencies = (
				B71DC6F02C7C12BA007CD50C /* PBXTargetDependency */,
			);
			name = IosToolsTests;
			productName = IosToolsTests;
			productReference = B71DC6EE2C7C12BA007CD50C /* IosToolsTests.xctest */;
			productType = "com.apple.product-type.bundle.unit-test";
		};
		B71DC6F72C7C12BA007CD50C /* IosToolsUITests */ = {
			isa = PBXNativeTarget;
			buildConfigurationList = B71DC7082C7C12BA007CD50C /* Build configuration list for PBXNativeTarget "IosToolsUITests" */;
			buildPhases = (
				01C4F54A5683FCE1EF18D07C /* [CP] Check Pods Manifest.lock */,
				B71DC6F42C7C12BA007CD50C /* Sources */,
				B71DC6F52C7C12BA007CD50C /* Frameworks */,
				B71DC6F62C7C12BA007CD50C /* Resources */,
				B52D9C7A87997E6B0D85036B /* [CP] Embed Pods Frameworks */,
			);
			buildRules = (
			);
			dependencies = (
				B71DC6FA2C7C12BA007CD50C /* PBXTargetDependency */,
			);
			name = IosToolsUITests;
			productName = IosToolsUITests;
			productReference = B71DC6F82C7C12BA007CD50C /* IosToolsUITests.xctest */;
			productType = "com.apple.product-type.bundle.ui-testing";
		};
/* End PBXNativeTarget section */

/* Begin PBXProject section */
		B71DC6CB2C7C12B6007CD50C /* Project object */ = {
			isa = PBXProject;
			attributes = {
				BuildIndependentTargetsInParallel = 1;
				LastUpgradeCheck = 1530;
				TargetAttributes = {
					B71DC6D22C7C12B6007CD50C = {
						CreatedOnToolsVersion = 15.3;
					};
					B71DC6ED2C7C12BA007CD50C = {
						CreatedOnToolsVersion = 15.3;
						TestTargetID = B71DC6D22C7C12B6007CD50C;
					};
					B71DC6F72C7C12BA007CD50C = {
						CreatedOnToolsVersion = 15.3;
						TestTargetID = B71DC6D22C7C12B6007CD50C;
					};
				};
			};
			buildConfigurationList = B71DC6CE2C7C12B6007CD50C /* Build configuration list for PBXProject "IosTools" */;
			compatibilityVersion = "Xcode 14.0";
			developmentRegion = en;
			hasScannedForEncodings = 0;
			knownRegions = (
				en,
				Base,
				"zh-Hans",
			);
			mainGroup = B71DC6CA2C7C12B6007CD50C;
			productRefGroup = B71DC6D42C7C12B6007CD50C /* Products */;
			projectDirPath = "";
			projectRoot = "";
			targets = (
				B71DC6D22C7C12B6007CD50C /* IosTools */,
				B71DC6ED2C7C12BA007CD50C /* IosToolsTests */,
				B71DC6F72C7C12BA007CD50C /* IosToolsUITests */,
			);
		};
/* End PBXProject section */

/* Begin PBXResourcesBuildPhase section */
		B71DC6D12C7C12B6007CD50C /* Resources */ = {
			isa = PBXResourcesBuildPhase;
			buildActionMask = 2147483647;
			files = (
				B7B1D3922C7D6AB100D029E2 /* LanguageController.xib in Resources */,
				B71DC6E32C7C12B9007CD50C /* Assets.xcassets in Resources */,
				B7B1D3512C7C535800D029E2 /* Localizable.strings in Resources */,
				B77AB9312C81B655003CD359 /* LanguageCell.xib in Resources */,
				B71DC6E62C7C12B9007CD50C /* Base in Resources */,
				B71DC6E12C7C12B6007CD50C /* Base in Resources */,
			);
			runOnlyForDeploymentPostprocessing = 0;
		};
		B71DC6EC2C7C12BA007CD50C /* Resources */ = {
			isa = PBXResourcesBuildPhase;
			buildActionMask = 2147483647;
			files = (
			);
			runOnlyForDeploymentPostprocessing = 0;
		};
		B71DC6F62C7C12BA007CD50C /* Resources */ = {
			isa = PBXResourcesBuildPhase;
			buildActionMask = 2147483647;
			files = (
			);
			runOnlyForDeploymentPostprocessing = 0;
		};
/* End PBXResourcesBuildPhase section */

/* Begin PBXShellScriptBuildPhase section */
		01C4F54A5683FCE1EF18D07C /* [CP] Check Pods Manifest.lock */ = {
			isa = PBXShellScriptBuildPhase;
			buildActionMask = 2147483647;
			files = (
			);
			inputFileListPaths = (
			);
			inputPaths = (
				"${PODS_PODFILE_DIR_PATH}/Podfile.lock",
				"${PODS_ROOT}/Manifest.lock",
			);
			name = "[CP] Check Pods Manifest.lock";
			outputFileListPaths = (
			);
			outputPaths = (
				"$(DERIVED_FILE_DIR)/Pods-IosTools-IosToolsUITests-checkManifestLockResult.txt",
			);
			runOnlyForDeploymentPostprocessing = 0;
			shellPath = /bin/sh;
			shellScript = "diff \"${PODS_PODFILE_DIR_PATH}/Podfile.lock\" \"${PODS_ROOT}/Manifest.lock\" > /dev/null\nif [ $? != 0 ] ; then\n    # print error to STDERR\n    echo \"error: The sandbox is not in sync with the Podfile.lock. Run 'pod install' or update your CocoaPods installation.\" >&2\n    exit 1\nfi\n# This output is used by Xcode 'outputs' to avoid re-running this script phase.\necho \"SUCCESS\" > \"${SCRIPT_OUTPUT_FILE_0}\"\n";
			showEnvVarsInLog = 0;
		};
		7564A66896D62B663CCD8100 /* [CP] Check Pods Manifest.lock */ = {
			isa = PBXShellScriptBuildPhase;
			buildActionMask = 2147483647;
			files = (
			);
			inputFileListPaths = (
			);
			inputPaths = (
				"${PODS_PODFILE_DIR_PATH}/Podfile.lock",
				"${PODS_ROOT}/Manifest.lock",
			);
			name = "[CP] Check Pods Manifest.lock";
			outputFileListPaths = (
			);
			outputPaths = (
				"$(DERIVED_FILE_DIR)/Pods-IosTools-checkManifestLockResult.txt",
			);
			runOnlyForDeploymentPostprocessing = 0;
			shellPath = /bin/sh;
			shellScript = "diff \"${PODS_PODFILE_DIR_PATH}/Podfile.lock\" \"${PODS_ROOT}/Manifest.lock\" > /dev/null\nif [ $? != 0 ] ; then\n    # print error to STDERR\n    echo \"error: The sandbox is not in sync with the Podfile.lock. Run 'pod install' or update your CocoaPods installation.\" >&2\n    exit 1\nfi\n# This output is used by Xcode 'outputs' to avoid re-running this script phase.\necho \"SUCCESS\" > \"${SCRIPT_OUTPUT_FILE_0}\"\n";
			showEnvVarsInLog = 0;
		};
		9E1DDEE635C311B60ACF8C65 /* [CP] Check Pods Manifest.lock */ = {
			isa = PBXShellScriptBuildPhase;
			buildActionMask = 2147483647;
			files = (
			);
			inputFileListPaths = (
			);
			inputPaths = (
				"${PODS_PODFILE_DIR_PATH}/Podfile.lock",
				"${PODS_ROOT}/Manifest.lock",
			);
			name = "[CP] Check Pods Manifest.lock";
			outputFileListPaths = (
			);
			outputPaths = (
				"$(DERIVED_FILE_DIR)/Pods-IosToolsTests-checkManifestLockResult.txt",
			);
			runOnlyForDeploymentPostprocessing = 0;
			shellPath = /bin/sh;
			shellScript = "diff \"${PODS_PODFILE_DIR_PATH}/Podfile.lock\" \"${PODS_ROOT}/Manifest.lock\" > /dev/null\nif [ $? != 0 ] ; then\n    # print error to STDERR\n    echo \"error: The sandbox is not in sync with the Podfile.lock. Run 'pod install' or update your CocoaPods installation.\" >&2\n    exit 1\nfi\n# This output is used by Xcode 'outputs' to avoid re-running this script phase.\necho \"SUCCESS\" > \"${SCRIPT_OUTPUT_FILE_0}\"\n";
			showEnvVarsInLog = 0;
		};
		B52D9C7A87997E6B0D85036B /* [CP] Embed Pods Frameworks */ = {
			isa = PBXShellScriptBuildPhase;
			buildActionMask = 2147483647;
			files = (
			);
			inputFileListPaths = (
				"${PODS_ROOT}/Target Support Files/Pods-IosTools-IosToolsUITests/Pods-IosTools-IosToolsUITests-frameworks-${CONFIGURATION}-input-files.xcfilelist",
			);
			name = "[CP] Embed Pods Frameworks";
			outputFileListPaths = (
				"${PODS_ROOT}/Target Support Files/Pods-IosTools-IosToolsUITests/Pods-IosTools-IosToolsUITests-frameworks-${CONFIGURATION}-output-files.xcfilelist",
			);
			runOnlyForDeploymentPostprocessing = 0;
			shellPath = /bin/sh;
			shellScript = "\"${PODS_ROOT}/Target Support Files/Pods-IosTools-IosToolsUITests/Pods-IosTools-IosToolsUITests-frameworks.sh\"\n";
			showEnvVarsInLog = 0;
		};
		D7B04735314EAFAF5FFCCD26 /* [CP] Embed Pods Frameworks */ = {
			isa = PBXShellScriptBuildPhase;
			buildActionMask = 2147483647;
			files = (
			);
			inputFileListPaths = (
				"${PODS_ROOT}/Target Support Files/Pods-IosTools/Pods-IosTools-frameworks-${CONFIGURATION}-input-files.xcfilelist",
			);
			name = "[CP] Embed Pods Frameworks";
			outputFileListPaths = (
				"${PODS_ROOT}/Target Support Files/Pods-IosTools/Pods-IosTools-frameworks-${CONFIGURATION}-output-files.xcfilelist",
			);
			runOnlyForDeploymentPostprocessing = 0;
			shellPath = /bin/sh;
			shellScript = "\"${PODS_ROOT}/Target Support Files/Pods-IosTools/Pods-IosTools-frameworks.sh\"\n";
			showEnvVarsInLog = 0;
		};
/* End PBXShellScriptBuildPhase section */

/* Begin PBXSourcesBuildPhase section */
		B71DC6CF2C7C12B6007CD50C /* Sources */ = {
			isa = PBXSourcesBuildPhase;
			buildActionMask = 2147483647;
			files = (
				B7B1D3812C7C8F7100D029E2 /* UIBarButtonItem+Extension.m in Sources */,
				B7B1D37B2C7C8D1700D029E2 /* NSString+Common.m in Sources */,
				B7B1D37E2C7C8E8D00D029E2 /* UIView+Common.m in Sources */,
				B7B1D3582C7C75C700D029E2 /* SlidingView.m in Sources */,
				B7B1D34D2C7C140500D029E2 /* LaunchViewController.m in Sources */,
				B7B1D38A2C7CBB1A00D029E2 /* NSString+MD5.m in Sources */,
				B71DC6DE2C7C12B6007CD50C /* ViewController.m in Sources */,
				B77AB9302C81B655003CD359 /* LanguageCell.m in Sources */,
				B71DC6D82C7C12B6007CD50C /* AppDelegate.m in Sources */,
				B7B1D36E2C7C867200D029E2 /* BaseViewController.m in Sources */,
				B7B1D3542C7C55AA00D029E2 /* Utils.m in Sources */,
				B7B1D3742C7C890500D029E2 /* UINavigationController+Extension.m in Sources */,
				B7B1D3872C7CB9C700D029E2 /* GuideBottomView.m in Sources */,
				B7B1D3642C7C81D800D029E2 /* CustomView.m in Sources */,
				B7B1D3602C7C7C4600D029E2 /* UIColor+Extension.m in Sources */,
				B7B1D3672C7C853500D029E2 /* GuideViewController.m in Sources */,
				B7B1D3712C7C886000D029E2 /* UINavigationController+PopGestureRecognizer.m in Sources */,
				B7B1D3772C7C8BD400D029E2 /* UIImage+ImageEffects.m in Sources */,
				B7B1D3842C7C8FBF00D029E2 /* UIViewController+Extension.m in Sources */,
				B7B1D38D2C7D604900D029E2 /* LanguageController.m in Sources */,
				B71DC6E92C7C12B9007CD50C /* main.m in Sources */,
				B7B1D35C2C7C78C900D029E2 /* NotTouchView.m in Sources */,
			);
			runOnlyForDeploymentPostprocessing = 0;
		};
		B71DC6EA2C7C12BA007CD50C /* Sources */ = {
			isa = PBXSourcesBuildPhase;
			buildActionMask = 2147483647;
			files = (
				B71DC6F32C7C12BA007CD50C /* IosToolsTests.m in Sources */,
			);
			runOnlyForDeploymentPostprocessing = 0;
		};
		B71DC6F42C7C12BA007CD50C /* Sources */ = {
			isa = PBXSourcesBuildPhase;
			buildActionMask = 2147483647;
			files = (
				B71DC6FF2C7C12BA007CD50C /* IosToolsUITestsLaunchTests.m in Sources */,
				B71DC6FD2C7C12BA007CD50C /* IosToolsUITests.m in Sources */,
			);
			runOnlyForDeploymentPostprocessing = 0;
		};
/* End PBXSourcesBuildPhase section */

/* Begin PBXTargetDependency section */
		B71DC6F02C7C12BA007CD50C /* PBXTargetDependency */ = {
			isa = PBXTargetDependency;
			target = B71DC6D22C7C12B6007CD50C /* IosTools */;
			targetProxy = B71DC6EF2C7C12BA007CD50C /* PBXContainerItemProxy */;
		};
		B71DC6FA2C7C12BA007CD50C /* PBXTargetDependency */ = {
			isa = PBXTargetDependency;
			target = B71DC6D22C7C12B6007CD50C /* IosTools */;
			targetProxy = B71DC6F92C7C12BA007CD50C /* PBXContainerItemProxy */;
		};
/* End PBXTargetDependency section */

/* Begin PBXVariantGroup section */
		B71DC6DF2C7C12B6007CD50C /* Main.storyboard */ = {
			isa = PBXVariantGroup;
			children = (
				B71DC6E02C7C12B6007CD50C /* Base */,
			);
			name = Main.storyboard;
			sourceTree = "<group>";
		};
		B71DC6E42C7C12B9007CD50C /* LaunchScreen.storyboard */ = {
			isa = PBXVariantGroup;
			children = (
				B71DC6E52C7C12B9007CD50C /* Base */,
			);
			name = LaunchScreen.storyboard;
			sourceTree = "<group>";
		};
		B7B1D34F2C7C535800D029E2 /* Localizable.strings */ = {
			isa = PBXVariantGroup;
			children = (
				B7B1D3502C7C535800D029E2 /* en */,
				B7B1D3522C7C541F00D029E2 /* zh-Hans */,
			);
			name = Localizable.strings;
			sourceTree = "<group>";
		};
/* End PBXVariantGroup section */

/* Begin XCBuildConfiguration section */
		B71DC7002C7C12BA007CD50C /* Debug */ = {
			isa = XCBuildConfiguration;
			buildSettings = {
				ALWAYS_SEARCH_USER_PATHS = NO;
				ASSETCATALOG_COMPILER_GENERATE_SWIFT_ASSET_SYMBOL_EXTENSIONS = YES;
				CLANG_ANALYZER_LOCALIZABILITY_NONLOCALIZED = YES;
				CLANG_ANALYZER_NONNULL = YES;
				CLANG_ANALYZER_NUMBER_OBJECT_CONVERSION = YES_AGGRESSIVE;
				CLANG_CXX_LANGUAGE_STANDARD = "gnu++20";
				CLANG_ENABLE_MODULES = YES;
				CLANG_ENABLE_OBJC_ARC = YES;
				CLANG_ENABLE_OBJC_WEAK = YES;
				CLANG_WARN_BLOCK_CAPTURE_AUTORELEASING = YES;
				CLANG_WARN_BOOL_CONVERSION = YES;
				CLANG_WARN_COMMA = YES;
				CLANG_WARN_CONSTANT_CONVERSION = YES;
				CLANG_WARN_DEPRECATED_OBJC_IMPLEMENTATIONS = YES;
				CLANG_WARN_DIRECT_OBJC_ISA_USAGE = YES_ERROR;
				CLANG_WARN_DOCUMENTATION_COMMENTS = YES;
				CLANG_WARN_EMPTY_BODY = YES;
				CLANG_WARN_ENUM_CONVERSION = YES;
				CLANG_WARN_INFINITE_RECURSION = YES;
				CLANG_WARN_INT_CONVERSION = YES;
				CLANG_WARN_NON_LITERAL_NULL_CONVERSION = YES;
				CLANG_WARN_OBJC_IMPLICIT_RETAIN_SELF = YES;
				CLANG_WARN_OBJC_LITERAL_CONVERSION = YES;
				CLANG_WARN_OBJC_ROOT_CLASS = YES_ERROR;
				CLANG_WARN_QUOTED_INCLUDE_IN_FRAMEWORK_HEADER = YES;
				CLANG_WARN_RANGE_LOOP_ANALYSIS = YES;
				CLANG_WARN_STRICT_PROTOTYPES = YES;
				CLANG_WARN_SUSPICIOUS_MOVE = YES;
				CLANG_WARN_UNGUARDED_AVAILABILITY = YES_AGGRESSIVE;
				CLANG_WARN_UNREACHABLE_CODE = YES;
				CLANG_WARN__DUPLICATE_METHOD_MATCH = YES;
				COPY_PHASE_STRIP = NO;
				DEBUG_INFORMATION_FORMAT = dwarf;
				ENABLE_STRICT_OBJC_MSGSEND = YES;
				ENABLE_TESTABILITY = YES;
				ENABLE_USER_SCRIPT_SANDBOXING = YES;
				GCC_C_LANGUAGE_STANDARD = gnu17;
				GCC_DYNAMIC_NO_PIC = NO;
				GCC_NO_COMMON_BLOCKS = YES;
				GCC_OPTIMIZATION_LEVEL = 0;
				GCC_PREPROCESSOR_DEFINITIONS = (
					"DEBUG=1",
					"$(inherited)",
				);
				GCC_WARN_64_TO_32_BIT_CONVERSION = YES;
				GCC_WARN_ABOUT_RETURN_TYPE = YES_ERROR;
				GCC_WARN_UNDECLARED_SELECTOR = YES;
				GCC_WARN_UNINITIALIZED_AUTOS = YES_AGGRESSIVE;
				GCC_WARN_UNUSED_FUNCTION = YES;
				GCC_WARN_UNUSED_VARIABLE = YES;
				IPHONEOS_DEPLOYMENT_TARGET = 17.4;
				LOCALIZATION_PREFERS_STRING_CATALOGS = YES;
				MTL_ENABLE_DEBUG_INFO = INCLUDE_SOURCE;
				MTL_FAST_MATH = YES;
				ONLY_ACTIVE_ARCH = YES;
				SDKROOT = iphoneos;
			};
			name = Debug;
		};
		B71DC7012C7C12BA007CD50C /* Release */ = {
			isa = XCBuildConfiguration;
			buildSettings = {
				ALWAYS_SEARCH_USER_PATHS = NO;
				ASSETCATALOG_COMPILER_GENERATE_SWIFT_ASSET_SYMBOL_EXTENSIONS = YES;
				CLANG_ANALYZER_LOCALIZABILITY_NONLOCALIZED = YES;
				CLANG_ANALYZER_NONNULL = YES;
				CLANG_ANALYZER_NUMBER_OBJECT_CONVERSION = YES_AGGRESSIVE;
				CLANG_CXX_LANGUAGE_STANDARD = "gnu++20";
				CLANG_ENABLE_MODULES = YES;
				CLANG_ENABLE_OBJC_ARC = YES;
				CLANG_ENABLE_OBJC_WEAK = YES;
				CLANG_WARN_BLOCK_CAPTURE_AUTORELEASING = YES;
				CLANG_WARN_BOOL_CONVERSION = YES;
				CLANG_WARN_COMMA = YES;
				CLANG_WARN_CONSTANT_CONVERSION = YES;
				CLANG_WARN_DEPRECATED_OBJC_IMPLEMENTATIONS = YES;
				CLANG_WARN_DIRECT_OBJC_ISA_USAGE = YES_ERROR;
				CLANG_WARN_DOCUMENTATION_COMMENTS = YES;
				CLANG_WARN_EMPTY_BODY = YES;
				CLANG_WARN_ENUM_CONVERSION = YES;
				CLANG_WARN_INFINITE_RECURSION = YES;
				CLANG_WARN_INT_CONVERSION = YES;
				CLANG_WARN_NON_LITERAL_NULL_CONVERSION = YES;
				CLANG_WARN_OBJC_IMPLICIT_RETAIN_SELF = YES;
				CLANG_WARN_OBJC_LITERAL_CONVERSION = YES;
				CLANG_WARN_OBJC_ROOT_CLASS = YES_ERROR;
				CLANG_WARN_QUOTED_INCLUDE_IN_FRAMEWORK_HEADER = YES;
				CLANG_WARN_RANGE_LOOP_ANALYSIS = YES;
				CLANG_WARN_STRICT_PROTOTYPES = YES;
				CLANG_WARN_SUSPICIOUS_MOVE = YES;
				CLANG_WARN_UNGUARDED_AVAILABILITY = YES_AGGRESSIVE;
				CLANG_WARN_UNREACHABLE_CODE = YES;
				CLANG_WARN__DUPLICATE_METHOD_MATCH = YES;
				COPY_PHASE_STRIP = NO;
				DEBUG_INFORMATION_FORMAT = "dwarf-with-dsym";
				ENABLE_NS_ASSERTIONS = NO;
				ENABLE_STRICT_OBJC_MSGSEND = YES;
				ENABLE_USER_SCRIPT_SANDBOXING = YES;
				GCC_C_LANGUAGE_STANDARD = gnu17;
				GCC_NO_COMMON_BLOCKS = YES;
				GCC_WARN_64_TO_32_BIT_CONVERSION = YES;
				GCC_WARN_ABOUT_RETURN_TYPE = YES_ERROR;
				GCC_WARN_UNDECLARED_SELECTOR = YES;
				GCC_WARN_UNINITIALIZED_AUTOS = YES_AGGRESSIVE;
				GCC_WARN_UNUSED_FUNCTION = YES;
				GCC_WARN_UNUSED_VARIABLE = YES;
				IPHONEOS_DEPLOYMENT_TARGET = 17.4;
				LOCALIZATION_PREFERS_STRING_CATALOGS = YES;
				MTL_ENABLE_DEBUG_INFO = NO;
				MTL_FAST_MATH = YES;
				SDKROOT = iphoneos;
				VALIDATE_PRODUCT = YES;
			};
			name = Release;
		};
		B71DC7032C7C12BA007CD50C /* Debug */ = {
			isa = XCBuildConfiguration;
			baseConfigurationReference = 377CB76559BCF020F1E0C5C7 /* Pods-IosTools.debug.xcconfig */;
			buildSettings = {
				ASSETCATALOG_COMPILER_APPICON_NAME = AppIcon;
				ASSETCATALOG_COMPILER_GLOBAL_ACCENT_COLOR_NAME = AccentColor;
				CODE_SIGN_STYLE = Automatic;
				CURRENT_PROJECT_VERSION = 1;
				DEVELOPMENT_TEAM = TPYTHR38R3;
				ENABLE_USER_SCRIPT_SANDBOXING = NO;
				GCC_PREFIX_HEADER = "$(SRCROOT)/IosTools/PrefixHeader.pch";
				GENERATE_INFOPLIST_FILE = YES;
				INFOPLIST_FILE = IosTools/Info.plist;
				INFOPLIST_KEY_UIApplicationSupportsIndirectInputEvents = YES;
				INFOPLIST_KEY_UILaunchStoryboardName = LaunchScreen;
				INFOPLIST_KEY_UIMainStoryboardFile = Main;
				INFOPLIST_KEY_UISupportedInterfaceOrientations_iPad = "UIInterfaceOrientationPortrait UIInterfaceOrientationPortraitUpsideDown UIInterfaceOrientationLandscapeLeft UIInterfaceOrientationLandscapeRight";
				INFOPLIST_KEY_UISupportedInterfaceOrientations_iPhone = "UIInterfaceOrientationPortrait UIInterfaceOrientationLandscapeLeft UIInterfaceOrientationLandscapeRight";
				LD_RUNPATH_SEARCH_PATHS = (
					"$(inherited)",
					"@executable_path/Frameworks",
				);
				MARKETING_VERSION = 1.0;
				PRODUCT_BUNDLE_IDENTIFIER = cam.IosTools;
				PRODUCT_NAME = "$(TARGET_NAME)";
				SWIFT_EMIT_LOC_STRINGS = YES;
				TARGETED_DEVICE_FAMILY = "1,2";
			};
			name = Debug;
		};
		B71DC7042C7C12BA007CD50C /* Release */ = {
			isa = XCBuildConfiguration;
			baseConfigurationReference = 3D795820051F2DC3D103B349 /* Pods-IosTools.release.xcconfig */;
			buildSettings = {
				ASSETCATALOG_COMPILER_APPICON_NAME = AppIcon;
				ASSETCATALOG_COMPILER_GLOBAL_ACCENT_COLOR_NAME = AccentColor;
				CODE_SIGN_STYLE = Automatic;
				CURRENT_PROJECT_VERSION = 1;
				DEVELOPMENT_TEAM = TPYTHR38R3;
				ENABLE_USER_SCRIPT_SANDBOXING = NO;
				GCC_PREFIX_HEADER = "$(SRCROOT)/IosTools/PrefixHeader.pch";
				GENERATE_INFOPLIST_FILE = YES;
				INFOPLIST_FILE = IosTools/Info.plist;
				INFOPLIST_KEY_UIApplicationSupportsIndirectInputEvents = YES;
				INFOPLIST_KEY_UILaunchStoryboardName = LaunchScreen;
				INFOPLIST_KEY_UIMainStoryboardFile = Main;
				INFOPLIST_KEY_UISupportedInterfaceOrientations_iPad = "UIInterfaceOrientationPortrait UIInterfaceOrientationPortraitUpsideDown UIInterfaceOrientationLandscapeLeft UIInterfaceOrientationLandscapeRight";
				INFOPLIST_KEY_UISupportedInterfaceOrientations_iPhone = "UIInterfaceOrientationPortrait UIInterfaceOrientationLandscapeLeft UIInterfaceOrientationLandscapeRight";
				LD_RUNPATH_SEARCH_PATHS = (
					"$(inherited)",
					"@executable_path/Frameworks",
				);
				MARKETING_VERSION = 1.0;
				PRODUCT_BUNDLE_IDENTIFIER = cam.IosTools;
				PRODUCT_NAME = "$(TARGET_NAME)";
				SWIFT_EMIT_LOC_STRINGS = YES;
				TARGETED_DEVICE_FAMILY = "1,2";
			};
			name = Release;
		};
		B71DC7062C7C12BA007CD50C /* Debug */ = {
			isa = XCBuildConfiguration;
			baseConfigurationReference = 50865B21A733EA91855CCBC3 /* Pods-IosToolsTests.debug.xcconfig */;
			buildSettings = {
				BUNDLE_LOADER = "$(TEST_HOST)";
				CODE_SIGN_STYLE = Automatic;
				CURRENT_PROJECT_VERSION = 1;
				DEVELOPMENT_TEAM = TPYTHR38R3;
				GENERATE_INFOPLIST_FILE = YES;
				IPHONEOS_DEPLOYMENT_TARGET = 17.4;
				MARKETING_VERSION = 1.0;
				PRODUCT_BUNDLE_IDENTIFIER = cam.IosToolsTests;
				PRODUCT_NAME = "$(TARGET_NAME)";
				SWIFT_EMIT_LOC_STRINGS = NO;
				TARGETED_DEVICE_FAMILY = "1,2";
				TEST_HOST = "$(BUILT_PRODUCTS_DIR)/IosTools.app/$(BUNDLE_EXECUTABLE_FOLDER_PATH)/IosTools";
			};
			name = Debug;
		};
		B71DC7072C7C12BA007CD50C /* Release */ = {
			isa = XCBuildConfiguration;
			baseConfigurationReference = 3624F904B08F6A98E583CAA8 /* Pods-IosToolsTests.release.xcconfig */;
			buildSettings = {
				BUNDLE_LOADER = "$(TEST_HOST)";
				CODE_SIGN_STYLE = Automatic;
				CURRENT_PROJECT_VERSION = 1;
				DEVELOPMENT_TEAM = TPYTHR38R3;
				GENERATE_INFOPLIST_FILE = YES;
				IPHONEOS_DEPLOYMENT_TARGET = 17.4;
				MARKETING_VERSION = 1.0;
				PRODUCT_BUNDLE_IDENTIFIER = cam.IosToolsTests;
				PRODUCT_NAME = "$(TARGET_NAME)";
				SWIFT_EMIT_LOC_STRINGS = NO;
				TARGETED_DEVICE_FAMILY = "1,2";
				TEST_HOST = "$(BUILT_PRODUCTS_DIR)/IosTools.app/$(BUNDLE_EXECUTABLE_FOLDER_PATH)/IosTools";
			};
			name = Release;
		};
		B71DC7092C7C12BA007CD50C /* Debug */ = {
			isa = XCBuildConfiguration;
			baseConfigurationReference = 7AFECA6D875428E9799B61A8 /* Pods-IosTools-IosToolsUITests.debug.xcconfig */;
			buildSettings = {
				CODE_SIGN_STYLE = Automatic;
				CURRENT_PROJECT_VERSION = 1;
				DEVELOPMENT_TEAM = TPYTHR38R3;
				GENERATE_INFOPLIST_FILE = YES;
				MARKETING_VERSION = 1.0;
				PRODUCT_BUNDLE_IDENTIFIER = cam.IosToolsUITests;
				PRODUCT_NAME = "$(TARGET_NAME)";
				SWIFT_EMIT_LOC_STRINGS = NO;
				TARGETED_DEVICE_FAMILY = "1,2";
				TEST_TARGET_NAME = IosTools;
			};
			name = Debug;
		};
		B71DC70A2C7C12BA007CD50C /* Release */ = {
			isa = XCBuildConfiguration;
			baseConfigurationReference = 6F91BC30BC0306B8BB781304 /* Pods-IosTools-IosToolsUITests.release.xcconfig */;
			buildSettings = {
				CODE_SIGN_STYLE = Automatic;
				CURRENT_PROJECT_VERSION = 1;
				DEVELOPMENT_TEAM = TPYTHR38R3;
				GENERATE_INFOPLIST_FILE = YES;
				MARKETING_VERSION = 1.0;
				PRODUCT_BUNDLE_IDENTIFIER = cam.IosToolsUITests;
				PRODUCT_NAME = "$(TARGET_NAME)";
				SWIFT_EMIT_LOC_STRINGS = NO;
				TARGETED_DEVICE_FAMILY = "1,2";
				TEST_TARGET_NAME = IosTools;
			};
			name = Release;
		};
/* End XCBuildConfiguration section */

/* Begin XCConfigurationList section */
		B71DC6CE2C7C12B6007CD50C /* Build configuration list for PBXProject "IosTools" */ = {
			isa = XCConfigurationList;
			buildConfigurations = (
				B71DC7002C7C12BA007CD50C /* Debug */,
				B71DC7012C7C12BA007CD50C /* Release */,
			);
			defaultConfigurationIsVisible = 0;
			defaultConfigurationName = Release;
		};
		B71DC7022C7C12BA007CD50C /* Build configuration list for PBXNativeTarget "IosTools" */ = {
			isa = XCConfigurationList;
			buildConfigurations = (
				B71DC7032C7C12BA007CD50C /* Debug */,
				B71DC7042C7C12BA007CD50C /* Release */,
			);
			defaultConfigurationIsVisible = 0;
			defaultConfigurationName = Release;
		};
		B71DC7052C7C12BA007CD50C /* Build configuration list for PBXNativeTarget "IosToolsTests" */ = {
			isa = XCConfigurationList;
			buildConfigurations = (
				B71DC7062C7C12BA007CD50C /* Debug */,
				B71DC7072C7C12BA007CD50C /* Release */,
			);
			defaultConfigurationIsVisible = 0;
			defaultConfigurationName = Release;
		};
		B71DC7082C7C12BA007CD50C /* Build configuration list for PBXNativeTarget "IosToolsUITests" */ = {
			isa = XCConfigurationList;
			buildConfigurations = (
				B71DC7092C7C12BA007CD50C /* Debug */,
				B71DC70A2C7C12BA007CD50C /* Release */,
			);
			defaultConfigurationIsVisible = 0;
			defaultConfigurationName = Release;
		};
/* End XCConfigurationList section */
	};
	rootObject = B71DC6CB2C7C12B6007CD50C /* Project object */;
}
