// !$*UTF8*$!
{
	archiveVersion = 1;
	classes = {
	};
	objectVersion = 56;
	objects = {

/* Begin PBXBuildFile section */
		B71DC6D82C7C12B6007CD50C /* AppDelegate.m in Sources */ = {isa = PBXBuildFile; fileRef = B71DC6D72C7C12B6007CD50C /* AppDelegate.m */; };
		B71DC6DE2C7C12B6007CD50C /* ViewController.m in Sources */ = {isa = PBXBuildFile; fileRef = B71DC6DD2C7C12B6007CD50C /* ViewController.m */; };
		B71DC6E12C7C12B6007CD50C /* Base in Resources */ = {isa = PBXBuildFile; fileRef = B71DC6E02C7C12B6007CD50C /* Base */; };
		B71DC6E32C7C12B9007CD50C /* Assets.xcassets in Resources */ = {isa = PBXBuildFile; fileRef = B71DC6E22C7C12B9007CD50C /* Assets.xcassets */; };
		B71DC6E62C7C12B9007CD50C /* Base in Resources */ = {isa = PBXBuildFile; fileRef = B71DC6E52C7C12B9007CD50C /* Base */; };
		B71DC6E92C7C12B9007CD50C /* main.m in Sources */ = {isa = PBXBuildFile; fileRef = B71DC6E82C7C12B9007CD50C /* main.m */; };
		B71DC6F32C7C12BA007CD50C /* IosToolsTests.m in Sources */ = {isa = PBXBuildFile; fileRef = B71DC6F22C7C12BA007CD50C /* IosToolsTests.m */; };
		B71DC6FD2C7C12BA007CD50C /* IosToolsUITests.m in Sources */ = {isa = PBXBuildFile; fileRef = B71DC6FC2C7C12BA007CD50C /* IosToolsUITests.m */; };
		B71DC6FF2C7C12BA007CD50C /* IosToolsUITestsLaunchTests.m in Sources */ = {isa = PBXBuildFile; fileRef = B71DC6FE2C7C12BA007CD50C /* IosToolsUITestsLaunchTests.m */; };
		B7B1D34D2C7C140500D029E2 /* LaunchViewController.m in Sources */ = {isa = PBXBuildFile; fileRef = B7B1D34C2C7C140500D029E2 /* LaunchViewController.m */; };
		B7B1D3512C7C535800D029E2 /* Localizable.strings in Resources */ = {isa = PBXBuildFile; fileRef = B7B1D34F2C7C535800D029E2 /* Localizable.strings */; };
		B7B1D3542C7C55AA00D029E2 /* Utils.m in Sources */ = {isa = PBXBuildFile; fileRef = B7B1D3532C7C55AA00D029E2 /* Utils.m */; };
/* End PBXBuildFile section */

/* Begin PBXContainerItemProxy section */
		B71DC6EF2C7C12BA007CD50C /* PBXContainerItemProxy */ = {
			isa = PBXContainerItemProxy;
			containerPortal = B71DC6CB2C7C12B6007CD50C /* Project object */;
			proxyType = 1;
			remoteGlobalIDString = B71DC6D22C7C12B6007CD50C;
			remoteInfo = IosTools;
		};
		B71DC6F92C7C12BA007CD50C /* PBXContainerItemProxy */ = {
			isa = PBXContainerItemProxy;
			containerPortal = B71DC6CB2C7C12B6007CD50C /* Project object */;
			proxyType = 1;
			remoteGlobalIDString = B71DC6D22C7C12B6007CD50C;
			remoteInfo = IosTools;
		};
/* End PBXContainerItemProxy section */

/* Begin PBXFileReference section */
		B71DC6D32C7C12B6007CD50C /* IosTools.app */ = {isa = PBXFileReference; explicitFileType = wrapper.application; includeInIndex = 0; path = IosTools.app; sourceTree = BUILT_PRODUCTS_DIR; };
		B71DC6D62C7C12B6007CD50C /* AppDelegate.h */ = {isa = PBXFileReference; lastKnownFileType = sourcecode.c.h; path = AppDelegate.h; sourceTree = "<group>"; };
		B71DC6D72C7C12B6007CD50C /* AppDelegate.m */ = {isa = PBXFileReference; lastKnownFileType = sourcecode.c.objc; path = AppDelegate.m; sourceTree = "<group>"; };
		B71DC6DC2C7C12B6007CD50C /* ViewController.h */ = {isa = PBXFileReference; lastKnownFileType = sourcecode.c.h; path = ViewController.h; sourceTree = "<group>"; };
		B71DC6DD2C7C12B6007CD50C /* ViewController.m */ = {isa = PBXFileReference; lastKnownFileType = sourcecode.c.objc; path = ViewController.m; sourceTree = "<group>"; };
		B71DC6E02C7C12B6007CD50C /* Base */ = {isa = PBXFileReference; lastKnownFileType = file.storyboard; name = Base; path = Base.lproj/Main.storyboard; sourceTree = "<group>"; };
		B71DC6E22C7C12B9007CD50C /* Assets.xcassets */ = {isa = PBXFileReference; lastKnownFileType = folder.assetcatalog; path = Assets.xcassets; sourceTree = "<group>"; };
		B71DC6E52C7C12B9007CD50C /* Base */ = {isa = PBXFileReference; lastKnownFileType = file.storyboard; name = Base; path = Base.lproj/LaunchScreen.storyboard; sourceTree = "<group>"; };
		B71DC6E72C7C12B9007CD50C /* Info.plist */ = {isa = PBXFileReference; lastKnownFileType = text.plist.xml; path = Info.plist; sourceTree = "<group>"; };
		B71DC6E82C7C12B9007CD50C /* main.m */ = {isa = PBXFileReference; lastKnownFileType = sourcecode.c.objc; path = main.m; sourceTree = "<group>"; };
		B71DC6EE2C7C12BA007CD50C /* IosToolsTests.xctest */ = {isa = PBXFileReference; explicitFileType = wrapper.cfbundle; includeInIndex = 0; path = IosToolsTests.xctest; sourceTree = BUILT_PRODUCTS_DIR; };
		B71DC6F22C7C12BA007CD50C /* IosToolsTests.m */ = {isa = PBXFileReference; lastKnownFileType = sourcecode.c.objc; path = IosToolsTests.m; sourceTree = "<group>"; };
		B71DC6F82C7C12BA007CD50C /* IosToolsUITests.xctest */ = {isa = PBXFileReference; explicitFileType = wrapper.cfbundle; includeInIndex = 0; path = IosToolsUITests.xctest; sourceTree = BUILT_PRODUCTS_DIR; };
		B71DC6FC2C7C12BA007CD50C /* IosToolsUITests.m */ = {isa = PBXFileReference; lastKnownFileType = sourcecode.c.objc; path = IosToolsUITests.m; sourceTree = "<group>"; };
		B71DC6FE2C7C12BA007CD50C /* IosToolsUITestsLaunchTests.m */ = {isa = PBXFileReference; lastKnownFileType = sourcecode.c.objc; path = IosToolsUITestsLaunchTests.m; sourceTree = "<group>"; };
		B7B1D34C2C7C140500D029E2 /* LaunchViewController.m */ = {isa = PBXFileReference; lastKnownFileType = sourcecode.c.objc; path = LaunchViewController.m; sourceTree = "<group>"; };
		B7B1D34E2C7C141800D029E2 /* LaunchViewController.h */ = {isa = PBXFileReference; lastKnownFileType = sourcecode.c.h; path = LaunchViewController.h; sourceTree = "<group>"; };
		B7B1D3502C7C535800D029E2 /* en */ = {isa = PBXFileReference; lastKnownFileType = text.plist.strings; name = en; path = en.lproj/Localizable.strings; sourceTree = "<group>"; };
		B7B1D3522C7C541F00D029E2 /* zh-Hans */ = {isa = PBXFileReference; lastKnownFileType = text.plist.strings; name = "zh-Hans"; path = "zh-Hans.lproj/Localizable.strings"; sourceTree = "<group>"; };
		B7B1D3532C7C55AA00D029E2 /* Utils.m */ = {isa = PBXFileReference; lastKnownFileType = sourcecode.c.objc; path = Utils.m; sourceTree = "<group>"; };
		B7B1D3552C7C55E000D029E2 /* Utils.h */ = {isa = PBXFileReference; lastKnownFileType = sourcecode.c.h; path = Utils.h; sourceTree = "<group>"; };
/* End PBXFileReference section */

/* Begin PBXFrameworksBuildPhase section */
		B71DC6D02C7C12B6007CD50C /* Frameworks */ = {
			isa = PBXFrameworksBuildPhase;
			buildActionMask = 2147483647;
			files = (
			);
			runOnlyForDeploymentPostprocessing = 0;
		};
		B71DC6EB2C7C12BA007CD50C /* Frameworks */ = {
			isa = PBXFrameworksBuildPhase;
			buildActionMask = 2147483647;
			files = (
			);
			runOnlyForDeploymentPostprocessing = 0;
		};
		B71DC6F52C7C12BA007CD50C /* Frameworks */ = {
			isa = PBXFrameworksBuildPhase;
			buildActionMask = 2147483647;
			files = (
			);
			runOnlyForDeploymentPostprocessing = 0;
		};
/* End PBXFrameworksBuildPhase section */

/* Begin PBXGroup section */
		B71DC6CA2C7C12B6007CD50C = {
			isa = PBXGroup;
			children = (
				B71DC6D52C7C12B6007CD50C /* IosTools */,
				B71DC6F12C7C12BA007CD50C /* IosToolsTests */,
				B71DC6FB2C7C12BA007CD50C /* IosToolsUITests */,
				B71DC6D42C7C12B6007CD50C /* Products */,
			);
			sourceTree = "<group>";
		};
		B71DC6D42C7C12B6007CD50C /* Products */ = {
			isa = PBXGroup;
			children = (
				B71DC6D32C7C12B6007CD50C /* IosTools.app */,
				B71DC6EE2C7C12BA007CD50C /* IosToolsTests.xctest */,
				B71DC6F82C7C12BA007CD50C /* IosToolsUITests.xctest */,
			);
			name = Products;
			sourceTree = "<group>";
		};
		B71DC6D52C7C12B6007CD50C /* IosTools */ = {
			isa = PBXGroup;
			children = (
				B71DC6D62C7C12B6007CD50C /* AppDelegate.h */,
				B71DC6D72C7C12B6007CD50C /* AppDelegate.m */,
				B7B1D34C2C7C140500D029E2 /* LaunchViewController.m */,
				B7B1D34E2C7C141800D029E2 /* LaunchViewController.h */,
				B71DC6DC2C7C12B6007CD50C /* ViewController.h */,
				B71DC6DD2C7C12B6007CD50C /* ViewController.m */,
				B71DC6DF2C7C12B6007CD50C /* Main.storyboard */,
				B71DC6E22C7C12B9007CD50C /* Assets.xcassets */,
				B71DC6E42C7C12B9007CD50C /* LaunchScreen.storyboard */,
				B71DC6E72C7C12B9007CD50C /* Info.plist */,
				B71DC6E82C7C12B9007CD50C /* main.m */,
				B7B1D34F2C7C535800D029E2 /* Localizable.strings */,
				B7B1D3532C7C55AA00D029E2 /* Utils.m */,
				B7B1D3552C7C55E000D029E2 /* Utils.h */,
			);
			path = IosTools;
			sourceTree = "<group>";
		};
		B71DC6F12C7C12BA007CD50C /* IosToolsTests */ = {
			isa = PBXGroup;
			children = (
				B71DC6F22C7C12BA007CD50C /* IosToolsTests.m */,
			);
			path = IosToolsTests;
			sourceTree = "<group>";
		};
		B71DC6FB2C7C12BA007CD50C /* IosToolsUITests */ = {
			isa = PBXGroup;
			children = (
				B71DC6FC2C7C12BA007CD50C /* IosToolsUITests.m */,
				B71DC6FE2C7C12BA007CD50C /* IosToolsUITestsLaunchTests.m */,
			);
			path = IosToolsUITests;
			sourceTree = "<group>";
		};
/* End PBXGroup section */

/* Begin PBXNativeTarget section */
		B71DC6D22C7C12B6007CD50C /* IosTools */ = {
			isa = PBXNativeTarget;
			buildConfigurationList = B71DC7022C7C12BA007CD50C /* Build configuration list for PBXNativeTarget "IosTools" */;
			buildPhases = (
				B71DC6CF2C7C12B6007CD50C /* Sources */,
				B71DC6D02C7C12B6007CD50C /* Frameworks */,
				B71DC6D12C7C12B6007CD50C /* Resources */,
			);
			buildRules = (
			);
			dependencies = (
			);
			name = IosTools;
			productName = IosTools;
			productReference = B71DC6D32C7C12B6007CD50C /* IosTools.app */;
			productType = "com.apple.product-type.application";
		};
		B71DC6ED2C7C12BA007CD50C /* IosToolsTests */ = {
			isa = PBXNativeTarget;
			buildConfigurationList = B71DC7052C7C12BA007CD50C /* Build configuration list for PBXNativeTarget "IosToolsTests" */;
			buildPhases = (
				B71DC6EA2C7C12BA007CD50C /* Sources */,
				B71DC6EB2C7C12BA007CD50C /* Frameworks */,
				B71DC6EC2C7C12BA007CD50C /* Resources */,
			);
			buildRules = (
			);
			dependencies = (
				B71DC6F02C7C12BA007CD50C /* PBXTargetDependency */,
			);
			name = IosToolsTests;
			productName = IosToolsTests;
			productReference = B71DC6EE2C7C12BA007CD50C /* IosToolsTests.xctest */;
			productType = "com.apple.product-type.bundle.unit-test";
		};
		B71DC6F72C7C12BA007CD50C /* IosToolsUITests */ = {
			isa = PBXNativeTarget;
			buildConfigurationList = B71DC7082C7C12BA007CD50C /* Build configuration list for PBXNativeTarget "IosToolsUITests" */;
			buildPhases = (
				B71DC6F42C7C12BA007CD50C /* Sources */,
				B71DC6F52C7C12BA007CD50C /* Frameworks */,
				B71DC6F62C7C12BA007CD50C /* Resources */,
			);
			buildRules = (
			);
			dependencies = (
				B71DC6FA2C7C12BA007CD50C /* PBXTargetDependency */,
			);
			name = IosToolsUITests;
			productName = IosToolsUITests;
			productReference = B71DC6F82C7C12BA007CD50C /* IosToolsUITests.xctest */;
			productType = "com.apple.product-type.bundle.ui-testing";
		};
/* End PBXNativeTarget section */

/* Begin PBXProject section */
		B71DC6CB2C7C12B6007CD50C /* Project object */ = {
			isa = PBXProject;
			attributes = {
				BuildIndependentTargetsInParallel = 1;
				LastUpgradeCheck = 1530;
				TargetAttributes = {
					B71DC6D22C7C12B6007CD50C = {
						CreatedOnToolsVersion = 15.3;
					};
					B71DC6ED2C7C12BA007CD50C = {
						CreatedOnToolsVersion = 15.3;
						TestTargetID = B71DC6D22C7C12B6007CD50C;
					};
					B71DC6F72C7C12BA007CD50C = {
						CreatedOnToolsVersion = 15.3;
						TestTargetID = B71DC6D22C7C12B6007CD50C;
					};
				};
			};
			buildConfigurationList = B71DC6CE2C7C12B6007CD50C /* Build configuration list for PBXProject "IosTools" */;
			compatibilityVersion = "Xcode 14.0";
			developmentRegion = en;
			hasScannedForEncodings = 0;
			knownRegions = (
				en,
				Base,
				"zh-Hans",
			);
			mainGroup = B71DC6CA2C7C12B6007CD50C;
			productRefGroup = B71DC6D42C7C12B6007CD50C /* Products */;
			projectDirPath = "";
			projectRoot = "";
			targets = (
				B71DC6D22C7C12B6007CD50C /* IosTools */,
				B71DC6ED2C7C12BA007CD50C /* IosToolsTests */,
				B71DC6F72C7C12BA007CD50C /* IosToolsUITests */,
			);
		};
/* End PBXProject section */

/* Begin PBXResourcesBuildPhase section */
		B71DC6D12C7C12B6007CD50C /* Resources */ = {
			isa = PBXResourcesBuildPhase;
			buildActionMask = 2147483647;
			files = (
				B71DC6E32C7C12B9007CD50C /* Assets.xcassets in Resources */,
				B7B1D3512C7C535800D029E2 /* Localizable.strings in Resources */,
				B71DC6E62C7C12B9007CD50C /* Base in Resources */,
				B71DC6E12C7C12B6007CD50C /* Base in Resources */,
			);
			runOnlyForDeploymentPostprocessing = 0;
		};
		B71DC6EC2C7C12BA007CD50C /* Resources */ = {
			isa = PBXResourcesBuildPhase;
			buildActionMask = 2147483647;
			files = (
			);
			runOnlyForDeploymentPostprocessing = 0;
		};
		B71DC6F62C7C12BA007CD50C /* Resources */ = {
			isa = PBXResourcesBuildPhase;
			buildActionMask = 2147483647;
			files = (
			);
			runOnlyForDeploymentPostprocessing = 0;
		};
/* End PBXResourcesBuildPhase section */

/* Begin PBXSourcesBuildPhase section */
		B71DC6CF2C7C12B6007CD50C /* Sources */ = {
			isa = PBXSourcesBuildPhase;
			buildActionMask = 2147483647;
			files = (
				B7B1D34D2C7C140500D029E2 /* LaunchViewController.m in Sources */,
				B71DC6DE2C7C12B6007CD50C /* ViewController.m in Sources */,
				B71DC6D82C7C12B6007CD50C /* AppDelegate.m in Sources */,
				B7B1D3542C7C55AA00D029E2 /* Utils.m in Sources */,
				B71DC6E92C7C12B9007CD50C /* main.m in Sources */,
			);
			runOnlyForDeploymentPostprocessing = 0;
		};
		B71DC6EA2C7C12BA007CD50C /* Sources */ = {
			isa = PBXSourcesBuildPhase;
			buildActionMask = 2147483647;
			files = (
				B71DC6F32C7C12BA007CD50C /* IosToolsTests.m in Sources */,
			);
			runOnlyForDeploymentPostprocessing = 0;
		};
		B71DC6F42C7C12BA007CD50C /* Sources */ = {
			isa = PBXSourcesBuildPhase;
			buildActionMask = 2147483647;
			files = (
				B71DC6FF2C7C12BA007CD50C /* IosToolsUITestsLaunchTests.m in Sources */,
				B71DC6FD2C7C12BA007CD50C /* IosToolsUITests.m in Sources */,
			);
			runOnlyForDeploymentPostprocessing = 0;
		};
/* End PBXSourcesBuildPhase section */

/* Begin PBXTargetDependency section */
		B71DC6F02C7C12BA007CD50C /* PBXTargetDependency */ = {
			isa = PBXTargetDependency;
			target = B71DC6D22C7C12B6007CD50C /* IosTools */;
			targetProxy = B71DC6EF2C7C12BA007CD50C /* PBXContainerItemProxy */;
		};
		B71DC6FA2C7C12BA007CD50C /* PBXTargetDependency */ = {
			isa = PBXTargetDependency;
			target = B71DC6D22C7C12B6007CD50C /* IosTools */;
			targetProxy = B71DC6F92C7C12BA007CD50C /* PBXContainerItemProxy */;
		};
/* End PBXTargetDependency section */

/* Begin PBXVariantGroup section */
		B71DC6DF2C7C12B6007CD50C /* Main.storyboard */ = {
			isa = PBXVariantGroup;
			children = (
				B71DC6E02C7C12B6007CD50C /* Base */,
			);
			name = Main.storyboard;
			sourceTree = "<group>";
		};
		B71DC6E42C7C12B9007CD50C /* LaunchScreen.storyboard */ = {
			isa = PBXVariantGroup;
			children = (
				B71DC6E52C7C12B9007CD50C /* Base */,
			);
			name = LaunchScreen.storyboard;
			sourceTree = "<group>";
		};
		B7B1D34F2C7C535800D029E2 /* Localizable.strings */ = {
			isa = PBXVariantGroup;
			children = (
				B7B1D3502C7C535800D029E2 /* en */,
				B7B1D3522C7C541F00D029E2 /* zh-Hans */,
			);
			name = Localizable.strings;
			sourceTree = "<group>";
		};
/* End PBXVariantGroup section */

/* Begin XCBuildConfiguration section */
		B71DC7002C7C12BA007CD50C /* Debug */ = {
			isa = XCBuildConfiguration;
			buildSettings = {
				ALWAYS_SEARCH_USER_PATHS = NO;
				ASSETCATALOG_COMPILER_GENERATE_SWIFT_ASSET_SYMBOL_EXTENSIONS = YES;
				CLANG_ANALYZER_LOCALIZABILITY_NONLOCALIZED = YES;
				CLANG_ANALYZER_NONNULL = YES;
				CLANG_ANALYZER_NUMBER_OBJECT_CONVERSION = YES_AGGRESSIVE;
				CLANG_CXX_LANGUAGE_STANDARD = "gnu++20";
				CLANG_ENABLE_MODULES = YES;
				CLANG_ENABLE_OBJC_ARC = YES;
				CLANG_ENABLE_OBJC_WEAK = YES;
				CLANG_WARN_BLOCK_CAPTURE_AUTORELEASING = YES;
				CLANG_WARN_BOOL_CONVERSION = YES;
				CLANG_WARN_COMMA = YES;
				CLANG_WARN_CONSTANT_CONVERSION = YES;
				CLANG_WARN_DEPRECATED_OBJC_IMPLEMENTATIONS = YES;
				CLANG_WARN_DIRECT_OBJC_ISA_USAGE = YES_ERROR;
				CLANG_WARN_DOCUMENTATION_COMMENTS = YES;
				CLANG_WARN_EMPTY_BODY = YES;
				CLANG_WARN_ENUM_CONVERSION = YES;
				CLANG_WARN_INFINITE_RECURSION = YES;
				CLANG_WARN_INT_CONVERSION = YES;
				CLANG_WARN_NON_LITERAL_NULL_CONVERSION = YES;
				CLANG_WARN_OBJC_IMPLICIT_RETAIN_SELF = YES;
				CLANG_WARN_OBJC_LITERAL_CONVERSION = YES;
				CLANG_WARN_OBJC_ROOT_CLASS = YES_ERROR;
				CLANG_WARN_QUOTED_INCLUDE_IN_FRAMEWORK_HEADER = YES;
				CLANG_WARN_RANGE_LOOP_ANALYSIS = YES;
				CLANG_WARN_STRICT_PROTOTYPES = YES;
				CLANG_WARN_SUSPICIOUS_MOVE = YES;
				CLANG_WARN_UNGUARDED_AVAILABILITY = YES_AGGRESSIVE;
				CLANG_WARN_UNREACHABLE_CODE = YES;
				CLANG_WARN__DUPLICATE_METHOD_MATCH = YES;
				COPY_PHASE_STRIP = NO;
				DEBUG_INFORMATION_FORMAT = dwarf;
				ENABLE_STRICT_OBJC_MSGSEND = YES;
				ENABLE_TESTABILITY = YES;
				ENABLE_USER_SCRIPT_SANDBOXING = YES;
				GCC_C_LANGUAGE_STANDARD = gnu17;
				GCC_DYNAMIC_NO_PIC = NO;
				GCC_NO_COMMON_BLOCKS = YES;
				GCC_OPTIMIZATION_LEVEL = 0;
				GCC_PREPROCESSOR_DEFINITIONS = (
					"DEBUG=1",
					"$(inherited)",
				);
				GCC_WARN_64_TO_32_BIT_CONVERSION = YES;
				GCC_WARN_ABOUT_RETURN_TYPE = YES_ERROR;
				GCC_WARN_UNDECLARED_SELECTOR = YES;
				GCC_WARN_UNINITIALIZED_AUTOS = YES_AGGRESSIVE;
				GCC_WARN_UNUSED_FUNCTION = YES;
				GCC_WARN_UNUSED_VARIABLE = YES;
				IPHONEOS_DEPLOYMENT_TARGET = 17.4;
				LOCALIZATION_PREFERS_STRING_CATALOGS = YES;
				MTL_ENABLE_DEBUG_INFO = INCLUDE_SOURCE;
				MTL_FAST_MATH = YES;
				ONLY_ACTIVE_ARCH = YES;
				SDKROOT = iphoneos;
			};
			name = Debug;
		};
		B71DC7012C7C12BA007CD50C /* Release */ = {
			isa = XCBuildConfiguration;
			buildSettings = {
				ALWAYS_SEARCH_USER_PATHS = NO;
				ASSETCATALOG_COMPILER_GENERATE_SWIFT_ASSET_SYMBOL_EXTENSIONS = YES;
				CLANG_ANALYZER_LOCALIZABILITY_NONLOCALIZED = YES;
				CLANG_ANALYZER_NONNULL = YES;
				CLANG_ANALYZER_NUMBER_OBJECT_CONVERSION = YES_AGGRESSIVE;
				CLANG_CXX_LANGUAGE_STANDARD = "gnu++20";
				CLANG_ENABLE_MODULES = YES;
				CLANG_ENABLE_OBJC_ARC = YES;
				CLANG_ENABLE_OBJC_WEAK = YES;
				CLANG_WARN_BLOCK_CAPTURE_AUTORELEASING = YES;
				CLANG_WARN_BOOL_CONVERSION = YES;
				CLANG_WARN_COMMA = YES;
				CLANG_WARN_CONSTANT_CONVERSION = YES;
				CLANG_WARN_DEPRECATED_OBJC_IMPLEMENTATIONS = YES;
				CLANG_WARN_DIRECT_OBJC_ISA_USAGE = YES_ERROR;
				CLANG_WARN_DOCUMENTATION_COMMENTS = YES;
				CLANG_WARN_EMPTY_BODY = YES;
				CLANG_WARN_ENUM_CONVERSION = YES;
				CLANG_WARN_INFINITE_RECURSION = YES;
				CLANG_WARN_INT_CONVERSION = YES;
				CLANG_WARN_NON_LITERAL_NULL_CONVERSION = YES;
				CLANG_WARN_OBJC_IMPLICIT_RETAIN_SELF = YES;
				CLANG_WARN_OBJC_LITERAL_CONVERSION = YES;
				CLANG_WARN_OBJC_ROOT_CLASS = YES_ERROR;
				CLANG_WARN_QUOTED_INCLUDE_IN_FRAMEWORK_HEADER = YES;
				CLANG_WARN_RANGE_LOOP_ANALYSIS = YES;
				CLANG_WARN_STRICT_PROTOTYPES = YES;
				CLANG_WARN_SUSPICIOUS_MOVE = YES;
				CLANG_WARN_UNGUARDED_AVAILABILITY = YES_AGGRESSIVE;
				CLANG_WARN_UNREACHABLE_CODE = YES;
				CLANG_WARN__DUPLICATE_METHOD_MATCH = YES;
				COPY_PHASE_STRIP = NO;
				DEBUG_INFORMATION_FORMAT = "dwarf-with-dsym";
				ENABLE_NS_ASSERTIONS = NO;
				ENABLE_STRICT_OBJC_MSGSEND = YES;
				ENABLE_USER_SCRIPT_SANDBOXING = YES;
				GCC_C_LANGUAGE_STANDARD = gnu17;
				GCC_NO_COMMON_BLOCKS = YES;
				GCC_WARN_64_TO_32_BIT_CONVERSION = YES;
				GCC_WARN_ABOUT_RETURN_TYPE = YES_ERROR;
				GCC_WARN_UNDECLARED_SELECTOR = YES;
				GCC_WARN_UNINITIALIZED_AUTOS = YES_AGGRESSIVE;
				GCC_WARN_UNUSED_FUNCTION = YES;
				GCC_WARN_UNUSED_VARIABLE = YES;
				IPHONEOS_DEPLOYMENT_TARGET = 17.4;
				LOCALIZATION_PREFERS_STRING_CATALOGS = YES;
				MTL_ENABLE_DEBUG_INFO = NO;
				MTL_FAST_MATH = YES;
				SDKROOT = iphoneos;
				VALIDATE_PRODUCT = YES;
			};
			name = Release;
		};
		B71DC7032C7C12BA007CD50C /* Debug */ = {
			isa = XCBuildConfiguration;
			buildSettings = {
				ASSETCATALOG_COMPILER_APPICON_NAME = AppIcon;
				ASSETCATALOG_COMPILER_GLOBAL_ACCENT_COLOR_NAME = AccentColor;
				CODE_SIGN_STYLE = Automatic;
				CURRENT_PROJECT_VERSION = 1;
				DEVELOPMENT_TEAM = TPYTHR38R3;
				GENERATE_INFOPLIST_FILE = YES;
				INFOPLIST_FILE = IosTools/Info.plist;
				INFOPLIST_KEY_UIApplicationSupportsIndirectInputEvents = YES;
				INFOPLIST_KEY_UILaunchStoryboardName = LaunchScreen;
				INFOPLIST_KEY_UIMainStoryboardFile = Main;
				INFOPLIST_KEY_UISupportedInterfaceOrientations_iPad = "UIInterfaceOrientationPortrait UIInterfaceOrientationPortraitUpsideDown UIInterfaceOrientationLandscapeLeft UIInterfaceOrientationLandscapeRight";
				INFOPLIST_KEY_UISupportedInterfaceOrientations_iPhone = "UIInterfaceOrientationPortrait UIInterfaceOrientationLandscapeLeft UIInterfaceOrientationLandscapeRight";
				LD_RUNPATH_SEARCH_PATHS = (
					"$(inherited)",
					"@executable_path/Frameworks",
				);
				MARKETING_VERSION = 1.0;
				PRODUCT_BUNDLE_IDENTIFIER = cam.IosTools;
				PRODUCT_NAME = "$(TARGET_NAME)";
				SWIFT_EMIT_LOC_STRINGS = YES;
				TARGETED_DEVICE_FAMILY = "1,2";
			};
			name = Debug;
		};
		B71DC7042C7C12BA007CD50C /* Release */ = {
			isa = XCBuildConfiguration;
			buildSettings = {
				ASSETCATALOG_COMPILER_APPICON_NAME = AppIcon;
				ASSETCATALOG_COMPILER_GLOBAL_ACCENT_COLOR_NAME = AccentColor;
				CODE_SIGN_STYLE = Automatic;
				CURRENT_PROJECT_VERSION = 1;
				DEVELOPMENT_TEAM = TPYTHR38R3;
				GENERATE_INFOPLIST_FILE = YES;
				INFOPLIST_FILE = IosTools/Info.plist;
				INFOPLIST_KEY_UIApplicationSupportsIndirectInputEvents = YES;
				INFOPLIST_KEY_UILaunchStoryboardName = LaunchScreen;
				INFOPLIST_KEY_UIMainStoryboardFile = Main;
				INFOPLIST_KEY_UISupportedInterfaceOrientations_iPad = "UIInterfaceOrientationPortrait UIInterfaceOrientationPortraitUpsideDown UIInterfaceOrientationLandscapeLeft UIInterfaceOrientationLandscapeRight";
				INFOPLIST_KEY_UISupportedInterfaceOrientations_iPhone = "UIInterfaceOrientationPortrait UIInterfaceOrientationLandscapeLeft UIInterfaceOrientationLandscapeRight";
				LD_RUNPATH_SEARCH_PATHS = (
					"$(inherited)",
					"@executable_path/Frameworks",
				);
				MARKETING_VERSION = 1.0;
				PRODUCT_BUNDLE_IDENTIFIER = cam.IosTools;
				PRODUCT_NAME = "$(TARGET_NAME)";
				SWIFT_EMIT_LOC_STRINGS = YES;
				TARGETED_DEVICE_FAMILY = "1,2";
			};
			name = Release;
		};
		B71DC7062C7C12BA007CD50C /* Debug */ = {
			isa = XCBuildConfiguration;
			buildSettings = {
				BUNDLE_LOADER = "$(TEST_HOST)";
				CODE_SIGN_STYLE = Automatic;
				CURRENT_PROJECT_VERSION = 1;
				DEVELOPMENT_TEAM = TPYTHR38R3;
				GENERATE_INFOPLIST_FILE = YES;
				IPHONEOS_DEPLOYMENT_TARGET = 17.4;
				MARKETING_VERSION = 1.0;
				PRODUCT_BUNDLE_IDENTIFIER = cam.IosToolsTests;
				PRODUCT_NAME = "$(TARGET_NAME)";
				SWIFT_EMIT_LOC_STRINGS = NO;
				TARGETED_DEVICE_FAMILY = "1,2";
				TEST_HOST = "$(BUILT_PRODUCTS_DIR)/IosTools.app/$(BUNDLE_EXECUTABLE_FOLDER_PATH)/IosTools";
			};
			name = Debug;
		};
		B71DC7072C7C12BA007CD50C /* Release */ = {
			isa = XCBuildConfiguration;
			buildSettings = {
				BUNDLE_LOADER = "$(TEST_HOST)";
				CODE_SIGN_STYLE = Automatic;
				CURRENT_PROJECT_VERSION = 1;
				DEVELOPMENT_TEAM = TPYTHR38R3;
				GENERATE_INFOPLIST_FILE = YES;
				IPHONEOS_DEPLOYMENT_TARGET = 17.4;
				MARKETING_VERSION = 1.0;
				PRODUCT_BUNDLE_IDENTIFIER = cam.IosToolsTests;
				PRODUCT_NAME = "$(TARGET_NAME)";
				SWIFT_EMIT_LOC_STRINGS = NO;
				TARGETED_DEVICE_FAMILY = "1,2";
				TEST_HOST = "$(BUILT_PRODUCTS_DIR)/IosTools.app/$(BUNDLE_EXECUTABLE_FOLDER_PATH)/IosTools";
			};
			name = Release;
		};
		B71DC7092C7C12BA007CD50C /* Debug */ = {
			isa = XCBuildConfiguration;
			buildSettings = {
				CODE_SIGN_STYLE = Automatic;
				CURRENT_PROJECT_VERSION = 1;
				DEVELOPMENT_TEAM = TPYTHR38R3;
				GENERATE_INFOPLIST_FILE = YES;
				MARKETING_VERSION = 1.0;
				PRODUCT_BUNDLE_IDENTIFIER = cam.IosToolsUITests;
				PRODUCT_NAME = "$(TARGET_NAME)";
				SWIFT_EMIT_LOC_STRINGS = NO;
				TARGETED_DEVICE_FAMILY = "1,2";
				TEST_TARGET_NAME = IosTools;
			};
			name = Debug;
		};
		B71DC70A2C7C12BA007CD50C /* Release */ = {
			isa = XCBuildConfiguration;
			buildSettings = {
				CODE_SIGN_STYLE = Automatic;
				CURRENT_PROJECT_VERSION = 1;
				DEVELOPMENT_TEAM = TPYTHR38R3;
				GENERATE_INFOPLIST_FILE = YES;
				MARKETING_VERSION = 1.0;
				PRODUCT_BUNDLE_IDENTIFIER = cam.IosToolsUITests;
				PRODUCT_NAME = "$(TARGET_NAME)";
				SWIFT_EMIT_LOC_STRINGS = NO;
				TARGETED_DEVICE_FAMILY = "1,2";
				TEST_TARGET_NAME = IosTools;
			};
			name = Release;
		};
/* End XCBuildConfiguration section */

/* Begin XCConfigurationList section */
		B71DC6CE2C7C12B6007CD50C /* Build configuration list for PBXProject "IosTools" */ = {
			isa = XCConfigurationList;
			buildConfigurations = (
				B71DC7002C7C12BA007CD50C /* Debug */,
				B71DC7012C7C12BA007CD50C /* Release */,
			);
			defaultConfigurationIsVisible = 0;
			defaultConfigurationName = Release;
		};
		B71DC7022C7C12BA007CD50C /* Build configuration list for PBXNativeTarget "IosTools" */ = {
			isa = XCConfigurationList;
			buildConfigurations = (
				B71DC7032C7C12BA007CD50C /* Debug */,
				B71DC7042C7C12BA007CD50C /* Release */,
			);
			defaultConfigurationIsVisible = 0;
			defaultConfigurationName = Release;
		};
		B71DC7052C7C12BA007CD50C /* Build configuration list for PBXNativeTarget "IosToolsTests" */ = {
			isa = XCConfigurationList;
			buildConfigurations = (
				B71DC7062C7C12BA007CD50C /* Debug */,
				B71DC7072C7C12BA007CD50C /* Release */,
			);
			defaultConfigurationIsVisible = 0;
			defaultConfigurationName = Release;
		};
		B71DC7082C7C12BA007CD50C /* Build configuration list for PBXNativeTarget "IosToolsUITests" */ = {
			isa = XCConfigurationList;
			buildConfigurations = (
				B71DC7092C7C12BA007CD50C /* Debug */,
				B71DC70A2C7C12BA007CD50C /* Release */,
			);
			defaultConfigurationIsVisible = 0;
			defaultConfigurationName = Release;
		};
/* End XCConfigurationList section */
	};
	rootObject = B71DC6CB2C7C12B6007CD50C /* Project object */;
}
